net472:
  constants:
  - DEBUG
  - DEBUG
  - IS_DESKTOP
  - IS_SIGNING_SUPPORTED
  - NET20_OR_GREATER
  - NET30_OR_GREATER
  - NET35_OR_GREATER
  - NET40_OR_GREATER
  - NET45_OR_GREATER
  - NET451_OR_GREATER
  - NET452_OR_GREATER
  - NET46_OR_GREATER
  - NET461_OR_GREATER
  - NET462_OR_GREATER
  - NET47_OR_GREATER
  - NET471_OR_GREATER
  - NET472
  - NET472_OR_GREATER
  - NETFRAMEWORK
  - TRACE
  - TRACE
  outputs:
  - Plugin.Testable.exe
  - Plugin.Testable.exe.config
  - Plugin.Testable.pdb
  references:
  - ../../../artifacts/NuGet.Common/bin/Debug/net472/NuGet.Common.dll
  - ../../../artifacts/NuGet.Configuration/bin/Debug/net472/NuGet.Configuration.dll
  - ../../../artifacts/NuGet.Frameworks/bin/Debug/net472/NuGet.Frameworks.dll
  - ../../../artifacts/NuGet.Packaging/bin/Debug/net472/NuGet.Packaging.dll
  - ../../../artifacts/NuGet.Protocol/bin/Debug/net472/NuGet.Protocol.dll
  - ../../../artifacts/NuGet.Versioning/bin/Debug/net472/NuGet.Versioning.dll
  - {FrameworkAssemblies}/mscorlib.dll
  - {FrameworkAssemblies}/System.Core.dll
  - {FrameworkAssemblies}/System.Data.dll
  - {FrameworkAssemblies}/System.dll
  - {FrameworkAssemblies}/System.Drawing.dll
  - {FrameworkAssemblies}/System.IO.Compression.FileSystem.dll
  - {FrameworkAssemblies}/System.Numerics.dll
  - {FrameworkAssemblies}/System.Runtime.Serialization.dll
  - {FrameworkAssemblies}/System.Xml.dll
  - {FrameworkAssemblies}/System.Xml.Linq.dll
  - {NuGetPackageRoot}/newtonsoft.json/13.0.1/lib/net45/Newtonsoft.Json.dll
  sources:
  - ../../../build/Shared/EncodingUtility.cs
  - ../../../build/Shared/EqualityUtility.cs
  - ../../../build/Shared/HashCodeCombiner.cs
  - ../../../build/Shared/SharedExtensions.cs
  - ../../../build/Shared/SimplePool.cs
  - ../../../build/Shared/StringBuilderPool.cs
  - ../../../build/Shared/TypeExtensions.cs
  - ../../../build/Shared/TypeInfo.cs
  - ../../../build/Shared/XmlUtility.cs
  - Arguments.cs
  - Program.cs
  - Response.cs
  - ResponseReceiver.cs
  - TestablePlugin.cs
  - ThrowException.cs
netcoreapp2.1:
  constants:
  - DEBUG
  - DEBUG
  - IS_CORECLR
  - NETCOREAPP
  - NETCOREAPP1_0_OR_GREATER
  - NETCOREAPP1_1_OR_GREATER
  - NETCOREAPP2_0_OR_GREATER
  - NETCOREAPP2_1
  - NETCOREAPP2_1_OR_GREATER
  - TRACE
  - TRACE
  outputs:
  - Plugin.Testable.deps.json
  - Plugin.Testable.dll
  - Plugin.Testable.pdb
  - Plugin.Testable.runtimeconfig.dev.json
  - Plugin.Testable.runtimeconfig.json
  references:
  - ../../../artifacts/NuGet.Common/bin/Debug/netstandard2.0/NuGet.Common.dll
  - ../../../artifacts/NuGet.Configuration/bin/Debug/netstandard2.0/NuGet.Configuration.dll
  - ../../../artifacts/NuGet.Frameworks/bin/Debug/netstandard2.0/NuGet.Frameworks.dll
  - ../../../artifacts/NuGet.Packaging/bin/Debug/netstandard2.0/NuGet.Packaging.dll
  - ../../../artifacts/NuGet.Protocol/bin/Debug/netstandard2.0/NuGet.Protocol.dll
  - ../../../artifacts/NuGet.Versioning/bin/Debug/netstandard2.0/NuGet.Versioning.dll
  - {NuGetPackageRoot}/microsoft.netcore.app/2.1.0/ref/netcoreapp2.1/Microsoft.CSharp.dll
  - {NuGetPackageRoot}/microsoft.netcore.app/2.1.0/ref/netcoreapp2.1/Microsoft.VisualBasic.dll
  - {NuGetPackageRoot}/microsoft.netcore.app/2.1.0/ref/netcoreapp2.1/Microsoft.Win32.Primitives.dll
  - {NuGetPackageRoot}/microsoft.netcore.app/2.1.0/ref/netcoreapp2.1/mscorlib.dll
  - {NuGetPackageRoot}/microsoft.netcore.app/2.1.0/ref/netcoreapp2.1/netstandard.dll
  - {NuGetPackageRoot}/microsoft.netcore.app/2.1.0/ref/netcoreapp2.1/System.AppContext.dll
  - {NuGetPackageRoot}/microsoft.netcore.app/2.1.0/ref/netcoreapp2.1/System.Buffers.dll
  - {NuGetPackageRoot}/microsoft.netcore.app/2.1.0/ref/netcoreapp2.1/System.Collections.Concurrent.dll
  - {NuGetPackageRoot}/microsoft.netcore.app/2.1.0/ref/netcoreapp2.1/System.Collections.dll
  - {NuGetPackageRoot}/microsoft.netcore.app/2.1.0/ref/netcoreapp2.1/System.Collections.Immutable.dll
  - {NuGetPackageRoot}/microsoft.netcore.app/2.1.0/ref/netcoreapp2.1/System.Collections.NonGeneric.dll
  - {NuGetPackageRoot}/microsoft.netcore.app/2.1.0/ref/netcoreapp2.1/System.Collections.Specialized.dll
  - {NuGetPackageRoot}/microsoft.netcore.app/2.1.0/ref/netcoreapp2.1/System.ComponentModel.Annotations.dll
  - {NuGetPackageRoot}/microsoft.netcore.app/2.1.0/ref/netcoreapp2.1/System.ComponentModel.DataAnnotations.dll
  - {NuGetPackageRoot}/microsoft.netcore.app/2.1.0/ref/netcoreapp2.1/System.ComponentModel.dll
  - {NuGetPackageRoot}/microsoft.netcore.app/2.1.0/ref/netcoreapp2.1/System.ComponentModel.EventBasedAsync.dll
  - {NuGetPackageRoot}/microsoft.netcore.app/2.1.0/ref/netcoreapp2.1/System.ComponentModel.Primitives.dll
  - {NuGetPackageRoot}/microsoft.netcore.app/2.1.0/ref/netcoreapp2.1/System.ComponentModel.TypeConverter.dll
  - {NuGetPackageRoot}/microsoft.netcore.app/2.1.0/ref/netcoreapp2.1/System.Configuration.dll
  - {NuGetPackageRoot}/microsoft.netcore.app/2.1.0/ref/netcoreapp2.1/System.Console.dll
  - {NuGetPackageRoot}/microsoft.netcore.app/2.1.0/ref/netcoreapp2.1/System.Core.dll
  - {NuGetPackageRoot}/microsoft.netcore.app/2.1.0/ref/netcoreapp2.1/System.Data.Common.dll
  - {NuGetPackageRoot}/microsoft.netcore.app/2.1.0/ref/netcoreapp2.1/System.Data.dll
  - {NuGetPackageRoot}/microsoft.netcore.app/2.1.0/ref/netcoreapp2.1/System.Diagnostics.Contracts.dll
  - {NuGetPackageRoot}/microsoft.netcore.app/2.1.0/ref/netcoreapp2.1/System.Diagnostics.Debug.dll
  - {NuGetPackageRoot}/microsoft.netcore.app/2.1.0/ref/netcoreapp2.1/System.Diagnostics.DiagnosticSource.dll
  - {NuGetPackageRoot}/microsoft.netcore.app/2.1.0/ref/netcoreapp2.1/System.Diagnostics.FileVersionInfo.dll
  - {NuGetPackageRoot}/microsoft.netcore.app/2.1.0/ref/netcoreapp2.1/System.Diagnostics.Process.dll
  - {NuGetPackageRoot}/microsoft.netcore.app/2.1.0/ref/netcoreapp2.1/System.Diagnostics.StackTrace.dll
  - {NuGetPackageRoot}/microsoft.netcore.app/2.1.0/ref/netcoreapp2.1/System.Diagnostics.TextWriterTraceListener.dll
  - {NuGetPackageRoot}/microsoft.netcore.app/2.1.0/ref/netcoreapp2.1/System.Diagnostics.Tools.dll
  - {NuGetPackageRoot}/microsoft.netcore.app/2.1.0/ref/netcoreapp2.1/System.Diagnostics.TraceSource.dll
  - {NuGetPackageRoot}/microsoft.netcore.app/2.1.0/ref/netcoreapp2.1/System.Diagnostics.Tracing.dll
  - {NuGetPackageRoot}/microsoft.netcore.app/2.1.0/ref/netcoreapp2.1/System.dll
  - {NuGetPackageRoot}/microsoft.netcore.app/2.1.0/ref/netcoreapp2.1/System.Drawing.dll
  - {NuGetPackageRoot}/microsoft.netcore.app/2.1.0/ref/netcoreapp2.1/System.Drawing.Primitives.dll
  - {NuGetPackageRoot}/microsoft.netcore.app/2.1.0/ref/netcoreapp2.1/System.Dynamic.Runtime.dll
  - {NuGetPackageRoot}/microsoft.netcore.app/2.1.0/ref/netcoreapp2.1/System.Globalization.Calendars.dll
  - {NuGetPackageRoot}/microsoft.netcore.app/2.1.0/ref/netcoreapp2.1/System.Globalization.dll
  - {NuGetPackageRoot}/microsoft.netcore.app/2.1.0/ref/netcoreapp2.1/System.Globalization.Extensions.dll
  - {NuGetPackageRoot}/microsoft.netcore.app/2.1.0/ref/netcoreapp2.1/System.IO.Compression.Brotli.dll
  - {NuGetPackageRoot}/microsoft.netcore.app/2.1.0/ref/netcoreapp2.1/System.IO.Compression.dll
  - {NuGetPackageRoot}/microsoft.netcore.app/2.1.0/ref/netcoreapp2.1/System.IO.Compression.FileSystem.dll
  - {NuGetPackageRoot}/microsoft.netcore.app/2.1.0/ref/netcoreapp2.1/System.IO.Compression.ZipFile.dll
  - {NuGetPackageRoot}/microsoft.netcore.app/2.1.0/ref/netcoreapp2.1/System.IO.dll
  - {NuGetPackageRoot}/microsoft.netcore.app/2.1.0/ref/netcoreapp2.1/System.IO.FileSystem.dll
  - {NuGetPackageRoot}/microsoft.netcore.app/2.1.0/ref/netcoreapp2.1/System.IO.FileSystem.DriveInfo.dll
  - {NuGetPackageRoot}/microsoft.netcore.app/2.1.0/ref/netcoreapp2.1/System.IO.FileSystem.Primitives.dll
  - {NuGetPackageRoot}/microsoft.netcore.app/2.1.0/ref/netcoreapp2.1/System.IO.FileSystem.Watcher.dll
  - {NuGetPackageRoot}/microsoft.netcore.app/2.1.0/ref/netcoreapp2.1/System.IO.IsolatedStorage.dll
  - {NuGetPackageRoot}/microsoft.netcore.app/2.1.0/ref/netcoreapp2.1/System.IO.MemoryMappedFiles.dll
  - {NuGetPackageRoot}/microsoft.netcore.app/2.1.0/ref/netcoreapp2.1/System.IO.Pipes.dll
  - {NuGetPackageRoot}/microsoft.netcore.app/2.1.0/ref/netcoreapp2.1/System.IO.UnmanagedMemoryStream.dll
  - {NuGetPackageRoot}/microsoft.netcore.app/2.1.0/ref/netcoreapp2.1/System.Linq.dll
  - {NuGetPackageRoot}/microsoft.netcore.app/2.1.0/ref/netcoreapp2.1/System.Linq.Expressions.dll
  - {NuGetPackageRoot}/microsoft.netcore.app/2.1.0/ref/netcoreapp2.1/System.Linq.Parallel.dll
  - {NuGetPackageRoot}/microsoft.netcore.app/2.1.0/ref/netcoreapp2.1/System.Linq.Queryable.dll
  - {NuGetPackageRoot}/microsoft.netcore.app/2.1.0/ref/netcoreapp2.1/System.Memory.dll
  - {NuGetPackageRoot}/microsoft.netcore.app/2.1.0/ref/netcoreapp2.1/System.Net.dll
  - {NuGetPackageRoot}/microsoft.netcore.app/2.1.0/ref/netcoreapp2.1/System.Net.Http.dll
  - {NuGetPackageRoot}/microsoft.netcore.app/2.1.0/ref/netcoreapp2.1/System.Net.HttpListener.dll
  - {NuGetPackageRoot}/microsoft.netcore.app/2.1.0/ref/netcoreapp2.1/System.Net.Mail.dll
  - {NuGetPackageRoot}/microsoft.netcore.app/2.1.0/ref/netcoreapp2.1/System.Net.NameResolution.dll
  - {NuGetPackageRoot}/microsoft.netcore.app/2.1.0/ref/netcoreapp2.1/System.Net.NetworkInformation.dll
  - {NuGetPackageRoot}/microsoft.netcore.app/2.1.0/ref/netcoreapp2.1/System.Net.Ping.dll
  - {NuGetPackageRoot}/microsoft.netcore.app/2.1.0/ref/netcoreapp2.1/System.Net.Primitives.dll
  - {NuGetPackageRoot}/microsoft.netcore.app/2.1.0/ref/netcoreapp2.1/System.Net.Requests.dll
  - {NuGetPackageRoot}/microsoft.netcore.app/2.1.0/ref/netcoreapp2.1/System.Net.Security.dll
  - {NuGetPackageRoot}/microsoft.netcore.app/2.1.0/ref/netcoreapp2.1/System.Net.ServicePoint.dll
  - {NuGetPackageRoot}/microsoft.netcore.app/2.1.0/ref/netcoreapp2.1/System.Net.Sockets.dll
  - {NuGetPackageRoot}/microsoft.netcore.app/2.1.0/ref/netcoreapp2.1/System.Net.WebClient.dll
  - {NuGetPackageRoot}/microsoft.netcore.app/2.1.0/ref/netcoreapp2.1/System.Net.WebHeaderCollection.dll
  - {NuGetPackageRoot}/microsoft.netcore.app/2.1.0/ref/netcoreapp2.1/System.Net.WebProxy.dll
  - {NuGetPackageRoot}/microsoft.netcore.app/2.1.0/ref/netcoreapp2.1/System.Net.WebSockets.Client.dll
  - {NuGetPackageRoot}/microsoft.netcore.app/2.1.0/ref/netcoreapp2.1/System.Net.WebSockets.dll
  - {NuGetPackageRoot}/microsoft.netcore.app/2.1.0/ref/netcoreapp2.1/System.Numerics.dll
  - {NuGetPackageRoot}/microsoft.netcore.app/2.1.0/ref/netcoreapp2.1/System.Numerics.Vectors.dll
  - {NuGetPackageRoot}/microsoft.netcore.app/2.1.0/ref/netcoreapp2.1/System.ObjectModel.dll
  - {NuGetPackageRoot}/microsoft.netcore.app/2.1.0/ref/netcoreapp2.1/System.Reflection.DispatchProxy.dll
  - {NuGetPackageRoot}/microsoft.netcore.app/2.1.0/ref/netcoreapp2.1/System.Reflection.dll
  - {NuGetPackageRoot}/microsoft.netcore.app/2.1.0/ref/netcoreapp2.1/System.Reflection.Emit.dll
  - {NuGetPackageRoot}/microsoft.netcore.app/2.1.0/ref/netcoreapp2.1/System.Reflection.Emit.ILGeneration.dll
  - {NuGetPackageRoot}/microsoft.netcore.app/2.1.0/ref/netcoreapp2.1/System.Reflection.Emit.Lightweight.dll
  - {NuGetPackageRoot}/microsoft.netcore.app/2.1.0/ref/netcoreapp2.1/System.Reflection.Extensions.dll
  - {NuGetPackageRoot}/microsoft.netcore.app/2.1.0/ref/netcoreapp2.1/System.Reflection.Metadata.dll
  - {NuGetPackageRoot}/microsoft.netcore.app/2.1.0/ref/netcoreapp2.1/System.Reflection.Primitives.dll
  - {NuGetPackageRoot}/microsoft.netcore.app/2.1.0/ref/netcoreapp2.1/System.Reflection.TypeExtensions.dll
  - {NuGetPackageRoot}/microsoft.netcore.app/2.1.0/ref/netcoreapp2.1/System.Resources.Reader.dll
  - {NuGetPackageRoot}/microsoft.netcore.app/2.1.0/ref/netcoreapp2.1/System.Resources.ResourceManager.dll
  - {NuGetPackageRoot}/microsoft.netcore.app/2.1.0/ref/netcoreapp2.1/System.Resources.Writer.dll
  - {NuGetPackageRoot}/microsoft.netcore.app/2.1.0/ref/netcoreapp2.1/System.Runtime.CompilerServices.VisualC.dll
  - {NuGetPackageRoot}/microsoft.netcore.app/2.1.0/ref/netcoreapp2.1/System.Runtime.dll
  - {NuGetPackageRoot}/microsoft.netcore.app/2.1.0/ref/netcoreapp2.1/System.Runtime.Extensions.dll
  - {NuGetPackageRoot}/microsoft.netcore.app/2.1.0/ref/netcoreapp2.1/System.Runtime.Handles.dll
  - {NuGetPackageRoot}/microsoft.netcore.app/2.1.0/ref/netcoreapp2.1/System.Runtime.InteropServices.dll
  - {NuGetPackageRoot}/microsoft.netcore.app/2.1.0/ref/netcoreapp2.1/System.Runtime.InteropServices.RuntimeInformation.dll
  - {NuGetPackageRoot}/microsoft.netcore.app/2.1.0/ref/netcoreapp2.1/System.Runtime.InteropServices.WindowsRuntime.dll
  - {NuGetPackageRoot}/microsoft.netcore.app/2.1.0/ref/netcoreapp2.1/System.Runtime.Loader.dll
  - {NuGetPackageRoot}/microsoft.netcore.app/2.1.0/ref/netcoreapp2.1/System.Runtime.Numerics.dll
  - {NuGetPackageRoot}/microsoft.netcore.app/2.1.0/ref/netcoreapp2.1/System.Runtime.Serialization.dll
  - {NuGetPackageRoot}/microsoft.netcore.app/2.1.0/ref/netcoreapp2.1/System.Runtime.Serialization.Formatters.dll
  - {NuGetPackageRoot}/microsoft.netcore.app/2.1.0/ref/netcoreapp2.1/System.Runtime.Serialization.Json.dll
  - {NuGetPackageRoot}/microsoft.netcore.app/2.1.0/ref/netcoreapp2.1/System.Runtime.Serialization.Primitives.dll
  - {NuGetPackageRoot}/microsoft.netcore.app/2.1.0/ref/netcoreapp2.1/System.Runtime.Serialization.Xml.dll
  - {NuGetPackageRoot}/microsoft.netcore.app/2.1.0/ref/netcoreapp2.1/System.Security.Claims.dll
  - {NuGetPackageRoot}/microsoft.netcore.app/2.1.0/ref/netcoreapp2.1/System.Security.Cryptography.Algorithms.dll
  - {NuGetPackageRoot}/microsoft.netcore.app/2.1.0/ref/netcoreapp2.1/System.Security.Cryptography.Csp.dll
  - {NuGetPackageRoot}/microsoft.netcore.app/2.1.0/ref/netcoreapp2.1/System.Security.Cryptography.Encoding.dll
  - {NuGetPackageRoot}/microsoft.netcore.app/2.1.0/ref/netcoreapp2.1/System.Security.Cryptography.Primitives.dll
  - {NuGetPackageRoot}/microsoft.netcore.app/2.1.0/ref/netcoreapp2.1/System.Security.Cryptography.X509Certificates.dll
  - {NuGetPackageRoot}/microsoft.netcore.app/2.1.0/ref/netcoreapp2.1/System.Security.dll
  - {NuGetPackageRoot}/microsoft.netcore.app/2.1.0/ref/netcoreapp2.1/System.Security.Principal.dll
  - {NuGetPackageRoot}/microsoft.netcore.app/2.1.0/ref/netcoreapp2.1/System.Security.SecureString.dll
  - {NuGetPackageRoot}/microsoft.netcore.app/2.1.0/ref/netcoreapp2.1/System.ServiceModel.Web.dll
  - {NuGetPackageRoot}/microsoft.netcore.app/2.1.0/ref/netcoreapp2.1/System.ServiceProcess.dll
  - {NuGetPackageRoot}/microsoft.netcore.app/2.1.0/ref/netcoreapp2.1/System.Text.Encoding.dll
  - {NuGetPackageRoot}/microsoft.netcore.app/2.1.0/ref/netcoreapp2.1/System.Text.Encoding.Extensions.dll
  - {NuGetPackageRoot}/microsoft.netcore.app/2.1.0/ref/netcoreapp2.1/System.Text.RegularExpressions.dll
  - {NuGetPackageRoot}/microsoft.netcore.app/2.1.0/ref/netcoreapp2.1/System.Threading.dll
  - {NuGetPackageRoot}/microsoft.netcore.app/2.1.0/ref/netcoreapp2.1/System.Threading.Overlapped.dll
  - {NuGetPackageRoot}/microsoft.netcore.app/2.1.0/ref/netcoreapp2.1/System.Threading.Tasks.Dataflow.dll
  - {NuGetPackageRoot}/microsoft.netcore.app/2.1.0/ref/netcoreapp2.1/System.Threading.Tasks.dll
  - {NuGetPackageRoot}/microsoft.netcore.app/2.1.0/ref/netcoreapp2.1/System.Threading.Tasks.Extensions.dll
  - {NuGetPackageRoot}/microsoft.netcore.app/2.1.0/ref/netcoreapp2.1/System.Threading.Tasks.Parallel.dll
  - {NuGetPackageRoot}/microsoft.netcore.app/2.1.0/ref/netcoreapp2.1/System.Threading.Thread.dll
  - {NuGetPackageRoot}/microsoft.netcore.app/2.1.0/ref/netcoreapp2.1/System.Threading.ThreadPool.dll
  - {NuGetPackageRoot}/microsoft.netcore.app/2.1.0/ref/netcoreapp2.1/System.Threading.Timer.dll
  - {NuGetPackageRoot}/microsoft.netcore.app/2.1.0/ref/netcoreapp2.1/System.Transactions.dll
  - {NuGetPackageRoot}/microsoft.netcore.app/2.1.0/ref/netcoreapp2.1/System.Transactions.Local.dll
  - {NuGetPackageRoot}/microsoft.netcore.app/2.1.0/ref/netcoreapp2.1/System.ValueTuple.dll
  - {NuGetPackageRoot}/microsoft.netcore.app/2.1.0/ref/netcoreapp2.1/System.Web.dll
  - {NuGetPackageRoot}/microsoft.netcore.app/2.1.0/ref/netcoreapp2.1/System.Web.HttpUtility.dll
  - {NuGetPackageRoot}/microsoft.netcore.app/2.1.0/ref/netcoreapp2.1/System.Windows.dll
  - {NuGetPackageRoot}/microsoft.netcore.app/2.1.0/ref/netcoreapp2.1/System.Xml.dll
  - {NuGetPackageRoot}/microsoft.netcore.app/2.1.0/ref/netcoreapp2.1/System.Xml.Linq.dll
  - {NuGetPackageRoot}/microsoft.netcore.app/2.1.0/ref/netcoreapp2.1/System.Xml.ReaderWriter.dll
  - {NuGetPackageRoot}/microsoft.netcore.app/2.1.0/ref/netcoreapp2.1/System.Xml.Serialization.dll
  - {NuGetPackageRoot}/microsoft.netcore.app/2.1.0/ref/netcoreapp2.1/System.Xml.XDocument.dll
  - {NuGetPackageRoot}/microsoft.netcore.app/2.1.0/ref/netcoreapp2.1/System.Xml.XmlDocument.dll
  - {NuGetPackageRoot}/microsoft.netcore.app/2.1.0/ref/netcoreapp2.1/System.Xml.XmlSerializer.dll
  - {NuGetPackageRoot}/microsoft.netcore.app/2.1.0/ref/netcoreapp2.1/System.Xml.XPath.dll
  - {NuGetPackageRoot}/microsoft.netcore.app/2.1.0/ref/netcoreapp2.1/System.Xml.XPath.XDocument.dll
  - {NuGetPackageRoot}/microsoft.netcore.app/2.1.0/ref/netcoreapp2.1/WindowsBase.dll
  - {NuGetPackageRoot}/newtonsoft.json/13.0.1/lib/netstandard2.0/Newtonsoft.Json.dll
  - {NuGetPackageRoot}/system.security.cryptography.cng/5.0.0/ref/netcoreapp2.1/System.Security.Cryptography.Cng.dll
  - {NuGetPackageRoot}/system.security.cryptography.pkcs/5.0.0/ref/netcoreapp2.1/System.Security.Cryptography.Pkcs.dll
  - {NuGetPackageRoot}/system.security.cryptography.protecteddata/4.4.0/ref/netstandard2.0/System.Security.Cryptography.ProtectedData.dll
  sources:
  - ../../../build/Shared/EncodingUtility.cs
  - ../../../build/Shared/EqualityUtility.cs
  - ../../../build/Shared/HashCodeCombiner.cs
  - ../../../build/Shared/SharedExtensions.cs
  - ../../../build/Shared/SimplePool.cs
  - ../../../build/Shared/StringBuilderPool.cs
  - ../../../build/Shared/TypeExtensions.cs
  - ../../../build/Shared/TypeInfo.cs
  - ../../../build/Shared/XmlUtility.cs
  - Arguments.cs
  - Program.cs
  - Response.cs
  - ResponseReceiver.cs
  - TestablePlugin.cs
  - ThrowException.cs
netcoreapp5.0:
  constants:
  - DEBUG
  - DEBUG
  - IS_CORECLR
  - IS_SIGNING_SUPPORTED
  - NET
  - NET5_0
  - NET5_0_OR_GREATER
  - NETCORE5_0
  - NETCOREAPP
  - NETCOREAPP1_0_OR_GREATER
  - NETCOREAPP1_1_OR_GREATER
  - NETCOREAPP2_0_OR_GREATER
  - NETCOREAPP2_1_OR_GREATER
  - NETCOREAPP2_2_OR_GREATER
  - NETCOREAPP3_0_OR_GREATER
  - NETCOREAPP3_1_OR_GREATER
  - TRACE
  - TRACE
  outputs:
  - Plugin.Testable.deps.json
  - Plugin.Testable.dll
  - Plugin.Testable.exe
  - Plugin.Testable.pdb
  - Plugin.Testable.runtimeconfig.dev.json
  - Plugin.Testable.runtimeconfig.json
  - ref/Plugin.Testable.dll
  references:
  - ../../../artifacts/NuGet.Common/bin/Debug/netstandard2.0/NuGet.Common.dll
  - ../../../artifacts/NuGet.Configuration/bin/Debug/netstandard2.0/NuGet.Configuration.dll
  - ../../../artifacts/NuGet.Frameworks/bin/Debug/netstandard2.0/NuGet.Frameworks.dll
  - ../../../artifacts/NuGet.Packaging/bin/Debug/netcoreapp5.0/ref/NuGet.Packaging.dll
  - ../../../artifacts/NuGet.Protocol/bin/Debug/netcoreapp5.0/ref/NuGet.Protocol.dll
  - ../../../artifacts/NuGet.Versioning/bin/Debug/netstandard2.0/NuGet.Versioning.dll
  - {NetCoreTargetingPackRoot}/Microsoft.NETCore.App.Ref/5.0.0/ref/net5.0/Microsoft.CSharp.dll
  - {NetCoreTargetingPackRoot}/Microsoft.NETCore.App.Ref/5.0.0/ref/net5.0/Microsoft.VisualBasic.Core.dll
  - {NetCoreTargetingPackRoot}/Microsoft.NETCore.App.Ref/5.0.0/ref/net5.0/Microsoft.VisualBasic.dll
  - {NetCoreTargetingPackRoot}/Microsoft.NETCore.App.Ref/5.0.0/ref/net5.0/Microsoft.Win32.Primitives.dll
  - {NetCoreTargetingPackRoot}/Microsoft.NETCore.App.Ref/5.0.0/ref/net5.0/mscorlib.dll
  - {NetCoreTargetingPackRoot}/Microsoft.NETCore.App.Ref/5.0.0/ref/net5.0/netstandard.dll
  - {NetCoreTargetingPackRoot}/Microsoft.NETCore.App.Ref/5.0.0/ref/net5.0/System.AppContext.dll
  - {NetCoreTargetingPackRoot}/Microsoft.NETCore.App.Ref/5.0.0/ref/net5.0/System.Buffers.dll
  - {NetCoreTargetingPackRoot}/Microsoft.NETCore.App.Ref/5.0.0/ref/net5.0/System.Collections.Concurrent.dll
  - {NetCoreTargetingPackRoot}/Microsoft.NETCore.App.Ref/5.0.0/ref/net5.0/System.Collections.dll
  - {NetCoreTargetingPackRoot}/Microsoft.NETCore.App.Ref/5.0.0/ref/net5.0/System.Collections.Immutable.dll
  - {NetCoreTargetingPackRoot}/Microsoft.NETCore.App.Ref/5.0.0/ref/net5.0/System.Collections.NonGeneric.dll
  - {NetCoreTargetingPackRoot}/Microsoft.NETCore.App.Ref/5.0.0/ref/net5.0/System.Collections.Specialized.dll
  - {NetCoreTargetingPackRoot}/Microsoft.NETCore.App.Ref/5.0.0/ref/net5.0/System.ComponentModel.Annotations.dll
  - {NetCoreTargetingPackRoot}/Microsoft.NETCore.App.Ref/5.0.0/ref/net5.0/System.ComponentModel.DataAnnotations.dll
  - {NetCoreTargetingPackRoot}/Microsoft.NETCore.App.Ref/5.0.0/ref/net5.0/System.ComponentModel.dll
  - {NetCoreTargetingPackRoot}/Microsoft.NETCore.App.Ref/5.0.0/ref/net5.0/System.ComponentModel.EventBasedAsync.dll
  - {NetCoreTargetingPackRoot}/Microsoft.NETCore.App.Ref/5.0.0/ref/net5.0/System.ComponentModel.Primitives.dll
  - {NetCoreTargetingPackRoot}/Microsoft.NETCore.App.Ref/5.0.0/ref/net5.0/System.ComponentModel.TypeConverter.dll
  - {NetCoreTargetingPackRoot}/Microsoft.NETCore.App.Ref/5.0.0/ref/net5.0/System.Configuration.dll
  - {NetCoreTargetingPackRoot}/Microsoft.NETCore.App.Ref/5.0.0/ref/net5.0/System.Console.dll
  - {NetCoreTargetingPackRoot}/Microsoft.NETCore.App.Ref/5.0.0/ref/net5.0/System.Core.dll
  - {NetCoreTargetingPackRoot}/Microsoft.NETCore.App.Ref/5.0.0/ref/net5.0/System.Data.Common.dll
  - {NetCoreTargetingPackRoot}/Microsoft.NETCore.App.Ref/5.0.0/ref/net5.0/System.Data.DataSetExtensions.dll
  - {NetCoreTargetingPackRoot}/Microsoft.NETCore.App.Ref/5.0.0/ref/net5.0/System.Data.dll
  - {NetCoreTargetingPackRoot}/Microsoft.NETCore.App.Ref/5.0.0/ref/net5.0/System.Diagnostics.Contracts.dll
  - {NetCoreTargetingPackRoot}/Microsoft.NETCore.App.Ref/5.0.0/ref/net5.0/System.Diagnostics.Debug.dll
  - {NetCoreTargetingPackRoot}/Microsoft.NETCore.App.Ref/5.0.0/ref/net5.0/System.Diagnostics.DiagnosticSource.dll
  - {NetCoreTargetingPackRoot}/Microsoft.NETCore.App.Ref/5.0.0/ref/net5.0/System.Diagnostics.FileVersionInfo.dll
  - {NetCoreTargetingPackRoot}/Microsoft.NETCore.App.Ref/5.0.0/ref/net5.0/System.Diagnostics.Process.dll
  - {NetCoreTargetingPackRoot}/Microsoft.NETCore.App.Ref/5.0.0/ref/net5.0/System.Diagnostics.StackTrace.dll
  - {NetCoreTargetingPackRoot}/Microsoft.NETCore.App.Ref/5.0.0/ref/net5.0/System.Diagnostics.TextWriterTraceListener.dll
  - {NetCoreTargetingPackRoot}/Microsoft.NETCore.App.Ref/5.0.0/ref/net5.0/System.Diagnostics.Tools.dll
  - {NetCoreTargetingPackRoot}/Microsoft.NETCore.App.Ref/5.0.0/ref/net5.0/System.Diagnostics.TraceSource.dll
  - {NetCoreTargetingPackRoot}/Microsoft.NETCore.App.Ref/5.0.0/ref/net5.0/System.Diagnostics.Tracing.dll
  - {NetCoreTargetingPackRoot}/Microsoft.NETCore.App.Ref/5.0.0/ref/net5.0/System.dll
  - {NetCoreTargetingPackRoot}/Microsoft.NETCore.App.Ref/5.0.0/ref/net5.0/System.Drawing.dll
  - {NetCoreTargetingPackRoot}/Microsoft.NETCore.App.Ref/5.0.0/ref/net5.0/System.Drawing.Primitives.dll
  - {NetCoreTargetingPackRoot}/Microsoft.NETCore.App.Ref/5.0.0/ref/net5.0/System.Dynamic.Runtime.dll
  - {NetCoreTargetingPackRoot}/Microsoft.NETCore.App.Ref/5.0.0/ref/net5.0/System.Formats.Asn1.dll
  - {NetCoreTargetingPackRoot}/Microsoft.NETCore.App.Ref/5.0.0/ref/net5.0/System.Globalization.Calendars.dll
  - {NetCoreTargetingPackRoot}/Microsoft.NETCore.App.Ref/5.0.0/ref/net5.0/System.Globalization.dll
  - {NetCoreTargetingPackRoot}/Microsoft.NETCore.App.Ref/5.0.0/ref/net5.0/System.Globalization.Extensions.dll
  - {NetCoreTargetingPackRoot}/Microsoft.NETCore.App.Ref/5.0.0/ref/net5.0/System.IO.Compression.Brotli.dll
  - {NetCoreTargetingPackRoot}/Microsoft.NETCore.App.Ref/5.0.0/ref/net5.0/System.IO.Compression.dll
  - {NetCoreTargetingPackRoot}/Microsoft.NETCore.App.Ref/5.0.0/ref/net5.0/System.IO.Compression.FileSystem.dll
  - {NetCoreTargetingPackRoot}/Microsoft.NETCore.App.Ref/5.0.0/ref/net5.0/System.IO.Compression.ZipFile.dll
  - {NetCoreTargetingPackRoot}/Microsoft.NETCore.App.Ref/5.0.0/ref/net5.0/System.IO.dll
  - {NetCoreTargetingPackRoot}/Microsoft.NETCore.App.Ref/5.0.0/ref/net5.0/System.IO.FileSystem.dll
  - {NetCoreTargetingPackRoot}/Microsoft.NETCore.App.Ref/5.0.0/ref/net5.0/System.IO.FileSystem.DriveInfo.dll
  - {NetCoreTargetingPackRoot}/Microsoft.NETCore.App.Ref/5.0.0/ref/net5.0/System.IO.FileSystem.Primitives.dll
  - {NetCoreTargetingPackRoot}/Microsoft.NETCore.App.Ref/5.0.0/ref/net5.0/System.IO.FileSystem.Watcher.dll
  - {NetCoreTargetingPackRoot}/Microsoft.NETCore.App.Ref/5.0.0/ref/net5.0/System.IO.IsolatedStorage.dll
  - {NetCoreTargetingPackRoot}/Microsoft.NETCore.App.Ref/5.0.0/ref/net5.0/System.IO.MemoryMappedFiles.dll
  - {NetCoreTargetingPackRoot}/Microsoft.NETCore.App.Ref/5.0.0/ref/net5.0/System.IO.Pipes.dll
  - {NetCoreTargetingPackRoot}/Microsoft.NETCore.App.Ref/5.0.0/ref/net5.0/System.IO.UnmanagedMemoryStream.dll
  - {NetCoreTargetingPackRoot}/Microsoft.NETCore.App.Ref/5.0.0/ref/net5.0/System.Linq.dll
  - {NetCoreTargetingPackRoot}/Microsoft.NETCore.App.Ref/5.0.0/ref/net5.0/System.Linq.Expressions.dll
  - {NetCoreTargetingPackRoot}/Microsoft.NETCore.App.Ref/5.0.0/ref/net5.0/System.Linq.Parallel.dll
  - {NetCoreTargetingPackRoot}/Microsoft.NETCore.App.Ref/5.0.0/ref/net5.0/System.Linq.Queryable.dll
  - {NetCoreTargetingPackRoot}/Microsoft.NETCore.App.Ref/5.0.0/ref/net5.0/System.Memory.dll
  - {NetCoreTargetingPackRoot}/Microsoft.NETCore.App.Ref/5.0.0/ref/net5.0/System.Net.dll
  - {NetCoreTargetingPackRoot}/Microsoft.NETCore.App.Ref/5.0.0/ref/net5.0/System.Net.Http.dll
  - {NetCoreTargetingPackRoot}/Microsoft.NETCore.App.Ref/5.0.0/ref/net5.0/System.Net.Http.Json.dll
  - {NetCoreTargetingPackRoot}/Microsoft.NETCore.App.Ref/5.0.0/ref/net5.0/System.Net.HttpListener.dll
  - {NetCoreTargetingPackRoot}/Microsoft.NETCore.App.Ref/5.0.0/ref/net5.0/System.Net.Mail.dll
  - {NetCoreTargetingPackRoot}/Microsoft.NETCore.App.Ref/5.0.0/ref/net5.0/System.Net.NameResolution.dll
  - {NetCoreTargetingPackRoot}/Microsoft.NETCore.App.Ref/5.0.0/ref/net5.0/System.Net.NetworkInformation.dll
  - {NetCoreTargetingPackRoot}/Microsoft.NETCore.App.Ref/5.0.0/ref/net5.0/System.Net.Ping.dll
  - {NetCoreTargetingPackRoot}/Microsoft.NETCore.App.Ref/5.0.0/ref/net5.0/System.Net.Primitives.dll
  - {NetCoreTargetingPackRoot}/Microsoft.NETCore.App.Ref/5.0.0/ref/net5.0/System.Net.Requests.dll
  - {NetCoreTargetingPackRoot}/Microsoft.NETCore.App.Ref/5.0.0/ref/net5.0/System.Net.Security.dll
  - {NetCoreTargetingPackRoot}/Microsoft.NETCore.App.Ref/5.0.0/ref/net5.0/System.Net.ServicePoint.dll
  - {NetCoreTargetingPackRoot}/Microsoft.NETCore.App.Ref/5.0.0/ref/net5.0/System.Net.Sockets.dll
  - {NetCoreTargetingPackRoot}/Microsoft.NETCore.App.Ref/5.0.0/ref/net5.0/System.Net.WebClient.dll
  - {NetCoreTargetingPackRoot}/Microsoft.NETCore.App.Ref/5.0.0/ref/net5.0/System.Net.WebHeaderCollection.dll
  - {NetCoreTargetingPackRoot}/Microsoft.NETCore.App.Ref/5.0.0/ref/net5.0/System.Net.WebProxy.dll
  - {NetCoreTargetingPackRoot}/Microsoft.NETCore.App.Ref/5.0.0/ref/net5.0/System.Net.WebSockets.Client.dll
  - {NetCoreTargetingPackRoot}/Microsoft.NETCore.App.Ref/5.0.0/ref/net5.0/System.Net.WebSockets.dll
  - {NetCoreTargetingPackRoot}/Microsoft.NETCore.App.Ref/5.0.0/ref/net5.0/System.Numerics.dll
  - {NetCoreTargetingPackRoot}/Microsoft.NETCore.App.Ref/5.0.0/ref/net5.0/System.Numerics.Vectors.dll
  - {NetCoreTargetingPackRoot}/Microsoft.NETCore.App.Ref/5.0.0/ref/net5.0/System.ObjectModel.dll
  - {NetCoreTargetingPackRoot}/Microsoft.NETCore.App.Ref/5.0.0/ref/net5.0/System.Reflection.DispatchProxy.dll
  - {NetCoreTargetingPackRoot}/Microsoft.NETCore.App.Ref/5.0.0/ref/net5.0/System.Reflection.dll
  - {NetCoreTargetingPackRoot}/Microsoft.NETCore.App.Ref/5.0.0/ref/net5.0/System.Reflection.Emit.dll
  - {NetCoreTargetingPackRoot}/Microsoft.NETCore.App.Ref/5.0.0/ref/net5.0/System.Reflection.Emit.ILGeneration.dll
  - {NetCoreTargetingPackRoot}/Microsoft.NETCore.App.Ref/5.0.0/ref/net5.0/System.Reflection.Emit.Lightweight.dll
  - {NetCoreTargetingPackRoot}/Microsoft.NETCore.App.Ref/5.0.0/ref/net5.0/System.Reflection.Extensions.dll
  - {NetCoreTargetingPackRoot}/Microsoft.NETCore.App.Ref/5.0.0/ref/net5.0/System.Reflection.Metadata.dll
  - {NetCoreTargetingPackRoot}/Microsoft.NETCore.App.Ref/5.0.0/ref/net5.0/System.Reflection.Primitives.dll
  - {NetCoreTargetingPackRoot}/Microsoft.NETCore.App.Ref/5.0.0/ref/net5.0/System.Reflection.TypeExtensions.dll
  - {NetCoreTargetingPackRoot}/Microsoft.NETCore.App.Ref/5.0.0/ref/net5.0/System.Resources.Reader.dll
  - {NetCoreTargetingPackRoot}/Microsoft.NETCore.App.Ref/5.0.0/ref/net5.0/System.Resources.ResourceManager.dll
  - {NetCoreTargetingPackRoot}/Microsoft.NETCore.App.Ref/5.0.0/ref/net5.0/System.Resources.Writer.dll
  - {NetCoreTargetingPackRoot}/Microsoft.NETCore.App.Ref/5.0.0/ref/net5.0/System.Runtime.CompilerServices.Unsafe.dll
  - {NetCoreTargetingPackRoot}/Microsoft.NETCore.App.Ref/5.0.0/ref/net5.0/System.Runtime.CompilerServices.VisualC.dll
  - {NetCoreTargetingPackRoot}/Microsoft.NETCore.App.Ref/5.0.0/ref/net5.0/System.Runtime.dll
  - {NetCoreTargetingPackRoot}/Microsoft.NETCore.App.Ref/5.0.0/ref/net5.0/System.Runtime.Extensions.dll
  - {NetCoreTargetingPackRoot}/Microsoft.NETCore.App.Ref/5.0.0/ref/net5.0/System.Runtime.Handles.dll
  - {NetCoreTargetingPackRoot}/Microsoft.NETCore.App.Ref/5.0.0/ref/net5.0/System.Runtime.InteropServices.dll
  - {NetCoreTargetingPackRoot}/Microsoft.NETCore.App.Ref/5.0.0/ref/net5.0/System.Runtime.InteropServices.RuntimeInformation.dll
  - {NetCoreTargetingPackRoot}/Microsoft.NETCore.App.Ref/5.0.0/ref/net5.0/System.Runtime.Intrinsics.dll
  - {NetCoreTargetingPackRoot}/Microsoft.NETCore.App.Ref/5.0.0/ref/net5.0/System.Runtime.Loader.dll
  - {NetCoreTargetingPackRoot}/Microsoft.NETCore.App.Ref/5.0.0/ref/net5.0/System.Runtime.Numerics.dll
  - {NetCoreTargetingPackRoot}/Microsoft.NETCore.App.Ref/5.0.0/ref/net5.0/System.Runtime.Serialization.dll
  - {NetCoreTargetingPackRoot}/Microsoft.NETCore.App.Ref/5.0.0/ref/net5.0/System.Runtime.Serialization.Formatters.dll
  - {NetCoreTargetingPackRoot}/Microsoft.NETCore.App.Ref/5.0.0/ref/net5.0/System.Runtime.Serialization.Json.dll
  - {NetCoreTargetingPackRoot}/Microsoft.NETCore.App.Ref/5.0.0/ref/net5.0/System.Runtime.Serialization.Primitives.dll
  - {NetCoreTargetingPackRoot}/Microsoft.NETCore.App.Ref/5.0.0/ref/net5.0/System.Runtime.Serialization.Xml.dll
  - {NetCoreTargetingPackRoot}/Microsoft.NETCore.App.Ref/5.0.0/ref/net5.0/System.Security.Claims.dll
  - {NetCoreTargetingPackRoot}/Microsoft.NETCore.App.Ref/5.0.0/ref/net5.0/System.Security.Cryptography.Algorithms.dll
  - {NetCoreTargetingPackRoot}/Microsoft.NETCore.App.Ref/5.0.0/ref/net5.0/System.Security.Cryptography.Csp.dll
  - {NetCoreTargetingPackRoot}/Microsoft.NETCore.App.Ref/5.0.0/ref/net5.0/System.Security.Cryptography.Encoding.dll
  - {NetCoreTargetingPackRoot}/Microsoft.NETCore.App.Ref/5.0.0/ref/net5.0/System.Security.Cryptography.Primitives.dll
  - {NetCoreTargetingPackRoot}/Microsoft.NETCore.App.Ref/5.0.0/ref/net5.0/System.Security.Cryptography.X509Certificates.dll
  - {NetCoreTargetingPackRoot}/Microsoft.NETCore.App.Ref/5.0.0/ref/net5.0/System.Security.dll
  - {NetCoreTargetingPackRoot}/Microsoft.NETCore.App.Ref/5.0.0/ref/net5.0/System.Security.Principal.dll
  - {NetCoreTargetingPackRoot}/Microsoft.NETCore.App.Ref/5.0.0/ref/net5.0/System.Security.SecureString.dll
  - {NetCoreTargetingPackRoot}/Microsoft.NETCore.App.Ref/5.0.0/ref/net5.0/System.ServiceModel.Web.dll
  - {NetCoreTargetingPackRoot}/Microsoft.NETCore.App.Ref/5.0.0/ref/net5.0/System.ServiceProcess.dll
  - {NetCoreTargetingPackRoot}/Microsoft.NETCore.App.Ref/5.0.0/ref/net5.0/System.Text.Encoding.CodePages.dll
  - {NetCoreTargetingPackRoot}/Microsoft.NETCore.App.Ref/5.0.0/ref/net5.0/System.Text.Encoding.dll
  - {NetCoreTargetingPackRoot}/Microsoft.NETCore.App.Ref/5.0.0/ref/net5.0/System.Text.Encoding.Extensions.dll
  - {NetCoreTargetingPackRoot}/Microsoft.NETCore.App.Ref/5.0.0/ref/net5.0/System.Text.Encodings.Web.dll
  - {NetCoreTargetingPackRoot}/Microsoft.NETCore.App.Ref/5.0.0/ref/net5.0/System.Text.Json.dll
  - {NetCoreTargetingPackRoot}/Microsoft.NETCore.App.Ref/5.0.0/ref/net5.0/System.Text.RegularExpressions.dll
  - {NetCoreTargetingPackRoot}/Microsoft.NETCore.App.Ref/5.0.0/ref/net5.0/System.Threading.Channels.dll
  - {NetCoreTargetingPackRoot}/Microsoft.NETCore.App.Ref/5.0.0/ref/net5.0/System.Threading.dll
  - {NetCoreTargetingPackRoot}/Microsoft.NETCore.App.Ref/5.0.0/ref/net5.0/System.Threading.Overlapped.dll
  - {NetCoreTargetingPackRoot}/Microsoft.NETCore.App.Ref/5.0.0/ref/net5.0/System.Threading.Tasks.Dataflow.dll
  - {NetCoreTargetingPackRoot}/Microsoft.NETCore.App.Ref/5.0.0/ref/net5.0/System.Threading.Tasks.dll
  - {NetCoreTargetingPackRoot}/Microsoft.NETCore.App.Ref/5.0.0/ref/net5.0/System.Threading.Tasks.Extensions.dll
  - {NetCoreTargetingPackRoot}/Microsoft.NETCore.App.Ref/5.0.0/ref/net5.0/System.Threading.Tasks.Parallel.dll
  - {NetCoreTargetingPackRoot}/Microsoft.NETCore.App.Ref/5.0.0/ref/net5.0/System.Threading.Thread.dll
  - {NetCoreTargetingPackRoot}/Microsoft.NETCore.App.Ref/5.0.0/ref/net5.0/System.Threading.ThreadPool.dll
  - {NetCoreTargetingPackRoot}/Microsoft.NETCore.App.Ref/5.0.0/ref/net5.0/System.Threading.Timer.dll
  - {NetCoreTargetingPackRoot}/Microsoft.NETCore.App.Ref/5.0.0/ref/net5.0/System.Transactions.dll
  - {NetCoreTargetingPackRoot}/Microsoft.NETCore.App.Ref/5.0.0/ref/net5.0/System.Transactions.Local.dll
  - {NetCoreTargetingPackRoot}/Microsoft.NETCore.App.Ref/5.0.0/ref/net5.0/System.ValueTuple.dll
  - {NetCoreTargetingPackRoot}/Microsoft.NETCore.App.Ref/5.0.0/ref/net5.0/System.Web.dll
  - {NetCoreTargetingPackRoot}/Microsoft.NETCore.App.Ref/5.0.0/ref/net5.0/System.Web.HttpUtility.dll
  - {NetCoreTargetingPackRoot}/Microsoft.NETCore.App.Ref/5.0.0/ref/net5.0/System.Windows.dll
  - {NetCoreTargetingPackRoot}/Microsoft.NETCore.App.Ref/5.0.0/ref/net5.0/System.Xml.dll
  - {NetCoreTargetingPackRoot}/Microsoft.NETCore.App.Ref/5.0.0/ref/net5.0/System.Xml.Linq.dll
  - {NetCoreTargetingPackRoot}/Microsoft.NETCore.App.Ref/5.0.0/ref/net5.0/System.Xml.ReaderWriter.dll
  - {NetCoreTargetingPackRoot}/Microsoft.NETCore.App.Ref/5.0.0/ref/net5.0/System.Xml.Serialization.dll
  - {NetCoreTargetingPackRoot}/Microsoft.NETCore.App.Ref/5.0.0/ref/net5.0/System.Xml.XDocument.dll
  - {NetCoreTargetingPackRoot}/Microsoft.NETCore.App.Ref/5.0.0/ref/net5.0/System.Xml.XmlDocument.dll
  - {NetCoreTargetingPackRoot}/Microsoft.NETCore.App.Ref/5.0.0/ref/net5.0/System.Xml.XmlSerializer.dll
  - {NetCoreTargetingPackRoot}/Microsoft.NETCore.App.Ref/5.0.0/ref/net5.0/System.Xml.XPath.dll
  - {NetCoreTargetingPackRoot}/Microsoft.NETCore.App.Ref/5.0.0/ref/net5.0/System.Xml.XPath.XDocument.dll
  - {NetCoreTargetingPackRoot}/Microsoft.NETCore.App.Ref/5.0.0/ref/net5.0/WindowsBase.dll
  - {NuGetPackageRoot}/newtonsoft.json/13.0.1/lib/netstandard2.0/Newtonsoft.Json.dll
  - {NuGetPackageRoot}/system.security.cryptography.cng/5.0.0/ref/netcoreapp3.0/System.Security.Cryptography.Cng.dll
  - {NuGetPackageRoot}/system.security.cryptography.pkcs/5.0.0/ref/netcoreapp3.0/System.Security.Cryptography.Pkcs.dll
  - {NuGetPackageRoot}/system.security.cryptography.protecteddata/4.4.0/ref/netstandard2.0/System.Security.Cryptography.ProtectedData.dll
  sources:
  - ../../../build/Shared/EncodingUtility.cs
  - ../../../build/Shared/EqualityUtility.cs
  - ../../../build/Shared/HashCodeCombiner.cs
  - ../../../build/Shared/SharedExtensions.cs
  - ../../../build/Shared/SimplePool.cs
  - ../../../build/Shared/StringBuilderPool.cs
  - ../../../build/Shared/TypeExtensions.cs
  - ../../../build/Shared/TypeInfo.cs
  - ../../../build/Shared/XmlUtility.cs
  - Arguments.cs
  - Program.cs
  - Response.cs
  - ResponseReceiver.cs
  - TestablePlugin.cs
  - ThrowException.cs
