net472:
  constants:
  - DEBUG
  - DEBUG
  - IS_DESKTOP
  - IS_SIGNING_SUPPORTED
  - NET20_OR_GREATER
  - NET30_OR_GREATER
  - NET35_OR_GREATER
  - NET40_OR_GREATER
  - NET45_OR_GREATER
  - NET451_OR_GREATER
  - NET452_OR_GREATER
  - NET46_OR_GREATER
  - NET461_OR_GREATER
  - NET462_OR_GREATER
  - NET47_OR_GREATER
  - NET471_OR_GREATER
  - NET472
  - NET472_OR_GREATER
  - NETFRAMEWORK
  - TRACE
  - TRACE
  outputs:
  - NuGet.VisualStudio.Interop.dll
  - NuGet.VisualStudio.Interop.pdb
  references:
  - ../../../artifacts/NuGet.VisualStudio/bin/Debug/net472/NuGet.VisualStudio.dll
  - {FrameworkAssemblies}/Facades/Microsoft.Win32.Primitives.dll
  - {FrameworkAssemblies}/Facades/netstandard.dll
  - {FrameworkAssemblies}/Facades/System.AppContext.dll
  - {FrameworkAssemblies}/Facades/System.Collections.Concurrent.dll
  - {FrameworkAssemblies}/Facades/System.Collections.dll
  - {FrameworkAssemblies}/Facades/System.Collections.NonGeneric.dll
  - {FrameworkAssemblies}/Facades/System.Collections.Specialized.dll
  - {FrameworkAssemblies}/Facades/System.ComponentModel.Annotations.dll
  - {FrameworkAssemblies}/Facades/System.ComponentModel.dll
  - {FrameworkAssemblies}/Facades/System.ComponentModel.EventBasedAsync.dll
  - {FrameworkAssemblies}/Facades/System.ComponentModel.Primitives.dll
  - {FrameworkAssemblies}/Facades/System.ComponentModel.TypeConverter.dll
  - {FrameworkAssemblies}/Facades/System.Console.dll
  - {FrameworkAssemblies}/Facades/System.Data.Common.dll
  - {FrameworkAssemblies}/Facades/System.Diagnostics.Contracts.dll
  - {FrameworkAssemblies}/Facades/System.Diagnostics.Debug.dll
  - {FrameworkAssemblies}/Facades/System.Diagnostics.FileVersionInfo.dll
  - {FrameworkAssemblies}/Facades/System.Diagnostics.Process.dll
  - {FrameworkAssemblies}/Facades/System.Diagnostics.StackTrace.dll
  - {FrameworkAssemblies}/Facades/System.Diagnostics.TextWriterTraceListener.dll
  - {FrameworkAssemblies}/Facades/System.Diagnostics.Tools.dll
  - {FrameworkAssemblies}/Facades/System.Diagnostics.TraceSource.dll
  - {FrameworkAssemblies}/Facades/System.Drawing.Primitives.dll
  - {FrameworkAssemblies}/Facades/System.Dynamic.Runtime.dll
  - {FrameworkAssemblies}/Facades/System.Globalization.Calendars.dll
  - {FrameworkAssemblies}/Facades/System.Globalization.dll
  - {FrameworkAssemblies}/Facades/System.Globalization.Extensions.dll
  - {FrameworkAssemblies}/Facades/System.IO.Compression.ZipFile.dll
  - {FrameworkAssemblies}/Facades/System.IO.dll
  - {FrameworkAssemblies}/Facades/System.IO.FileSystem.dll
  - {FrameworkAssemblies}/Facades/System.IO.FileSystem.DriveInfo.dll
  - {FrameworkAssemblies}/Facades/System.IO.FileSystem.Primitives.dll
  - {FrameworkAssemblies}/Facades/System.IO.FileSystem.Watcher.dll
  - {FrameworkAssemblies}/Facades/System.IO.IsolatedStorage.dll
  - {FrameworkAssemblies}/Facades/System.IO.MemoryMappedFiles.dll
  - {FrameworkAssemblies}/Facades/System.IO.Pipes.dll
  - {FrameworkAssemblies}/Facades/System.IO.UnmanagedMemoryStream.dll
  - {FrameworkAssemblies}/Facades/System.Linq.dll
  - {FrameworkAssemblies}/Facades/System.Linq.Expressions.dll
  - {FrameworkAssemblies}/Facades/System.Linq.Parallel.dll
  - {FrameworkAssemblies}/Facades/System.Linq.Queryable.dll
  - {FrameworkAssemblies}/Facades/System.Net.Http.Rtc.dll
  - {FrameworkAssemblies}/Facades/System.Net.NameResolution.dll
  - {FrameworkAssemblies}/Facades/System.Net.NetworkInformation.dll
  - {FrameworkAssemblies}/Facades/System.Net.Ping.dll
  - {FrameworkAssemblies}/Facades/System.Net.Primitives.dll
  - {FrameworkAssemblies}/Facades/System.Net.Requests.dll
  - {FrameworkAssemblies}/Facades/System.Net.Security.dll
  - {FrameworkAssemblies}/Facades/System.Net.Sockets.dll
  - {FrameworkAssemblies}/Facades/System.Net.WebHeaderCollection.dll
  - {FrameworkAssemblies}/Facades/System.Net.WebSockets.Client.dll
  - {FrameworkAssemblies}/Facades/System.Net.WebSockets.dll
  - {FrameworkAssemblies}/Facades/System.ObjectModel.dll
  - {FrameworkAssemblies}/Facades/System.Reflection.dll
  - {FrameworkAssemblies}/Facades/System.Reflection.Emit.dll
  - {FrameworkAssemblies}/Facades/System.Reflection.Emit.ILGeneration.dll
  - {FrameworkAssemblies}/Facades/System.Reflection.Emit.Lightweight.dll
  - {FrameworkAssemblies}/Facades/System.Reflection.Extensions.dll
  - {FrameworkAssemblies}/Facades/System.Reflection.Primitives.dll
  - {FrameworkAssemblies}/Facades/System.Resources.Reader.dll
  - {FrameworkAssemblies}/Facades/System.Resources.ResourceManager.dll
  - {FrameworkAssemblies}/Facades/System.Resources.Writer.dll
  - {FrameworkAssemblies}/Facades/System.Runtime.CompilerServices.VisualC.dll
  - {FrameworkAssemblies}/Facades/System.Runtime.dll
  - {FrameworkAssemblies}/Facades/System.Runtime.Extensions.dll
  - {FrameworkAssemblies}/Facades/System.Runtime.Handles.dll
  - {FrameworkAssemblies}/Facades/System.Runtime.InteropServices.dll
  - {FrameworkAssemblies}/Facades/System.Runtime.InteropServices.RuntimeInformation.dll
  - {FrameworkAssemblies}/Facades/System.Runtime.InteropServices.WindowsRuntime.dll
  - {FrameworkAssemblies}/Facades/System.Runtime.Numerics.dll
  - {FrameworkAssemblies}/Facades/System.Runtime.Serialization.Formatters.dll
  - {FrameworkAssemblies}/Facades/System.Runtime.Serialization.Json.dll
  - {FrameworkAssemblies}/Facades/System.Runtime.Serialization.Primitives.dll
  - {FrameworkAssemblies}/Facades/System.Runtime.Serialization.Xml.dll
  - {FrameworkAssemblies}/Facades/System.Security.Claims.dll
  - {FrameworkAssemblies}/Facades/System.Security.Cryptography.Algorithms.dll
  - {FrameworkAssemblies}/Facades/System.Security.Cryptography.Csp.dll
  - {FrameworkAssemblies}/Facades/System.Security.Cryptography.Encoding.dll
  - {FrameworkAssemblies}/Facades/System.Security.Cryptography.Primitives.dll
  - {FrameworkAssemblies}/Facades/System.Security.Cryptography.X509Certificates.dll
  - {FrameworkAssemblies}/Facades/System.Security.Principal.dll
  - {FrameworkAssemblies}/Facades/System.Security.SecureString.dll
  - {FrameworkAssemblies}/Facades/System.ServiceModel.Duplex.dll
  - {FrameworkAssemblies}/Facades/System.ServiceModel.Http.dll
  - {FrameworkAssemblies}/Facades/System.ServiceModel.NetTcp.dll
  - {FrameworkAssemblies}/Facades/System.ServiceModel.Primitives.dll
  - {FrameworkAssemblies}/Facades/System.ServiceModel.Security.dll
  - {FrameworkAssemblies}/Facades/System.Text.Encoding.dll
  - {FrameworkAssemblies}/Facades/System.Text.Encoding.Extensions.dll
  - {FrameworkAssemblies}/Facades/System.Text.RegularExpressions.dll
  - {FrameworkAssemblies}/Facades/System.Threading.dll
  - {FrameworkAssemblies}/Facades/System.Threading.Overlapped.dll
  - {FrameworkAssemblies}/Facades/System.Threading.Tasks.dll
  - {FrameworkAssemblies}/Facades/System.Threading.Tasks.Parallel.dll
  - {FrameworkAssemblies}/Facades/System.Threading.Thread.dll
  - {FrameworkAssemblies}/Facades/System.Threading.ThreadPool.dll
  - {FrameworkAssemblies}/Facades/System.Threading.Timer.dll
  - {FrameworkAssemblies}/Facades/System.ValueTuple.dll
  - {FrameworkAssemblies}/Facades/System.Xml.ReaderWriter.dll
  - {FrameworkAssemblies}/Facades/System.Xml.XDocument.dll
  - {FrameworkAssemblies}/Facades/System.Xml.XmlDocument.dll
  - {FrameworkAssemblies}/Facades/System.Xml.XmlSerializer.dll
  - {FrameworkAssemblies}/Facades/System.Xml.XPath.dll
  - {FrameworkAssemblies}/Facades/System.Xml.XPath.XDocument.dll
  - {FrameworkAssemblies}/Microsoft.CSharp.dll
  - {FrameworkAssemblies}/mscorlib.dll
  - {FrameworkAssemblies}/System.ComponentModel.Composition.dll
  - {FrameworkAssemblies}/System.Configuration.dll
  - {FrameworkAssemblies}/System.Core.dll
  - {FrameworkAssemblies}/System.Data.dll
  - {FrameworkAssemblies}/System.Design.dll
  - {FrameworkAssemblies}/System.dll
  - {FrameworkAssemblies}/System.Drawing.Design.dll
  - {FrameworkAssemblies}/System.Drawing.dll
  - {FrameworkAssemblies}/System.IO.Compression.FileSystem.dll
  - {FrameworkAssemblies}/System.Management.dll
  - {FrameworkAssemblies}/System.Net.Http.dll
  - {FrameworkAssemblies}/System.Numerics.dll
  - {FrameworkAssemblies}/System.Runtime.Serialization.dll
  - {FrameworkAssemblies}/System.Transactions.dll
  - {FrameworkAssemblies}/System.Windows.Forms.dll
  - {FrameworkAssemblies}/System.Xaml.dll
  - {FrameworkAssemblies}/System.Xml.dll
  - {FrameworkAssemblies}/System.Xml.Linq.dll
  - {FrameworkAssemblies}/WindowsBase.dll
  - {NuGetPackageRoot}/messagepack.annotations/2.2.85/lib/netstandard2.0/MessagePack.Annotations.dll
  - {NuGetPackageRoot}/messagepack/2.2.85/lib/netstandard2.0/MessagePack.dll
  - {NuGetPackageRoot}/microsoft.bcl.asyncinterfaces/5.0.0/lib/net461/Microsoft.Bcl.AsyncInterfaces.dll
  - {NuGetPackageRoot}/microsoft.build.framework/16.5.0/lib/net472/Microsoft.Build.Framework.dll
  - {NuGetPackageRoot}/microsoft.diagnostics.tracing.eventsource.redist/1.1.28/lib/net46/Microsoft.Diagnostics.Tracing.EventSource.dll
  - {NuGetPackageRoot}/microsoft.servicehub.client/2.8.2018/lib/net472/Microsoft.ServiceHub.Client.dll
  - {NuGetPackageRoot}/microsoft.servicehub.framework/2.8.2018/lib/netstandard2.0/Microsoft.ServiceHub.Framework.dll
  - {NuGetPackageRoot}/microsoft.servicehub.resources/2.8.2018/lib/net472/Microsoft.ServiceHub.Resources.dll
  - {NuGetPackageRoot}/microsoft.visualstudio.componentmodelhost/17.0.67-g9e37b637e6/lib/net472/Microsoft.VisualStudio.ComponentModelHost.dll
  - {NuGetPackageRoot}/microsoft.visualstudio.coreutility/17.0.67-g9e37b637e6/lib/net472/Microsoft.VisualStudio.CoreUtility.dll
  - {NuGetPackageRoot}/microsoft.visualstudio.graphmodel/17.0.0-previews-1-31321-016/lib/net472/Microsoft.VisualStudio.GraphModel.dll
  - {NuGetPackageRoot}/microsoft.visualstudio.imagecatalog/17.0.0-previews-1-31321-016/lib/net472/Microsoft.VisualStudio.ImageCatalog.dll
  - {NuGetPackageRoot}/microsoft.visualstudio.imaging.interop.14.0.designtime/17.0.0-previews-1-31321-016/lib/net472/Microsoft.VisualStudio.Imaging.Interop.14.0.DesignTime.dll
  - {NuGetPackageRoot}/microsoft.visualstudio.imaging/17.0.0-previews-1-31321-016/lib/net472/Microsoft.VisualStudio.Imaging.dll
  - {NuGetPackageRoot}/microsoft.visualstudio.interop/17.0.0-previews-1-31321-016/lib/net472/Microsoft.VisualStudio.Interop.dll
  - {NuGetPackageRoot}/microsoft.visualstudio.ole.interop/17.0.0-preview-2-31221-277/lib/net472/Microsoft.VisualStudio.OLE.Interop.dll
  - {NuGetPackageRoot}/microsoft.visualstudio.projectaggregator/17.0.0-previews-1-31321-016/lib/net45/Microsoft.VisualStudio.ProjectAggregator.dll
  - {NuGetPackageRoot}/microsoft.visualstudio.remotecontrol/16.3.32/lib/net45/Microsoft.VisualStudio.RemoteControl.dll
  - {NuGetPackageRoot}/microsoft.visualstudio.rpccontracts/17.0.50-preview-0001-0001/lib/netstandard2.0/Microsoft.VisualStudio.RpcContracts.dll
  - {NuGetPackageRoot}/microsoft.visualstudio.shell.15.0/17.0.0-previews-1-31321-016/lib/net472/Microsoft.VisualStudio.Shell.15.0.dll
  - {NuGetPackageRoot}/microsoft.visualstudio.shell.framework/17.0.0-previews-1-31321-016/lib/net472/Microsoft.VisualStudio.Shell.Framework.dll
  - {NuGetPackageRoot}/microsoft.visualstudio.shell.interop.10.0/17.0.0-preview-2-31221-277/lib/net472/Microsoft.VisualStudio.Shell.Interop.10.0.dll
  - {NuGetPackageRoot}/microsoft.visualstudio.shell.interop.8.0/17.0.0-preview-2-31221-277/lib/net472/Microsoft.VisualStudio.Shell.Interop.8.0.dll
  - {NuGetPackageRoot}/microsoft.visualstudio.shell.interop/17.0.0-preview-2-31221-277/lib/net472/Microsoft.VisualStudio.Shell.Interop.dll
  - {NuGetPackageRoot}/microsoft.visualstudio.telemetry/16.3.176/lib/net45/Microsoft.VisualStudio.Telemetry.dll
  - {NuGetPackageRoot}/microsoft.visualstudio.templatewizardinterface/17.0.0-previews-1-31321-016/lib/net472/Microsoft.VisualStudio.TemplateWizardInterface.dll
  - {NuGetPackageRoot}/microsoft.visualstudio.text.data/17.0.67-g9e37b637e6/lib/net472/Microsoft.VisualStudio.Text.Data.dll
  - {NuGetPackageRoot}/microsoft.visualstudio.threading/17.0.15-alpha/lib/net472/Microsoft.VisualStudio.Threading.dll
  - {NuGetPackageRoot}/microsoft.visualstudio.utilities/17.0.0-previews-1-31321-016/lib/net472/Microsoft.VisualStudio.Utilities.dll
  - {NuGetPackageRoot}/microsoft.visualstudio.validation/16.10.26/lib/netstandard2.0/Microsoft.VisualStudio.Validation.dll
  - {NuGetPackageRoot}/microsoft.win32.registry/5.0.0/ref/net461/Microsoft.Win32.Registry.dll
  - {NuGetPackageRoot}/nerdbank.streams/2.6.81/lib/netstandard2.0/Nerdbank.Streams.dll
  - {NuGetPackageRoot}/streamjsonrpc/2.7.67/lib/netstandard2.0/StreamJsonRpc.dll
  - {NuGetPackageRoot}/system.buffers/4.5.1/ref/net45/System.Buffers.dll
  - {NuGetPackageRoot}/system.collections.immutable/5.0.0/lib/net461/System.Collections.Immutable.dll
  - {NuGetPackageRoot}/system.diagnostics.diagnosticsource/5.0.0/lib/net46/System.Diagnostics.DiagnosticSource.dll
  - {NuGetPackageRoot}/system.io.pipelines/5.0.1/lib/net461/System.IO.Pipelines.dll
  - {NuGetPackageRoot}/system.memory/4.5.4/lib/net461/System.Memory.dll
  - {NuGetPackageRoot}/system.numerics.vectors/4.5.0/ref/net46/System.Numerics.Vectors.dll
  - {NuGetPackageRoot}/system.runtime.compilerservices.unsafe/5.0.0/ref/net461/System.Runtime.CompilerServices.Unsafe.dll
  - {NuGetPackageRoot}/system.security.accesscontrol/5.0.0/ref/net461/System.Security.AccessControl.dll
  - {NuGetPackageRoot}/system.security.principal.windows/5.0.0/ref/net461/System.Security.Principal.Windows.dll
  - {NuGetPackageRoot}/system.threading.accesscontrol/5.0.0/ref/net461/System.Threading.AccessControl.dll
  - {NuGetPackageRoot}/system.threading.tasks.dataflow/5.0.0/lib/net461/System.Threading.Tasks.Dataflow.dll
  - {NuGetPackageRoot}/system.threading.tasks.extensions/4.5.4/lib/net461/System.Threading.Tasks.Extensions.dll
  sources:
  - ../../../build/Shared/EncodingUtility.cs
  - ../../../build/Shared/EqualityUtility.cs
  - ../../../build/Shared/HashCodeCombiner.cs
  - ../../../build/Shared/SharedExtensions.cs
  - ../../../build/Shared/SimplePool.cs
  - ../../../build/Shared/StringBuilderPool.cs
  - ../../../build/Shared/TypeExtensions.cs
  - ../../../build/Shared/TypeInfo.cs
  - ../../../build/Shared/XmlUtility.cs
  - TemplateWizard.cs
