netstandard2.0:
  constants:
  - DEBUG
  - DEBUG
  - IS_CORECLR
  - NETSTANDARD
  - NETSTANDARD1_0_OR_GREATER
  - NETSTANDARD1_1_OR_GREATER
  - NETSTANDARD1_2_OR_GREATER
  - NETSTANDARD1_3_OR_GREATER
  - NETSTANDARD1_4_OR_GREATER
  - NETSTANDARD1_5_OR_GREATER
  - NETSTANDARD1_6_OR_GREATER
  - NETSTANDARD2_0
  - NETSTANDARD2_0_OR_GREATER
  - TRACE
  - TRACE
  outputs:
  - NuGet.VisualStudio.Contracts.deps.json
  - NuGet.VisualStudio.Contracts.dll
  - NuGet.VisualStudio.Contracts.pdb
  - NuGet.VisualStudio.Contracts.xml
  references:
  - {NuGetPackageRoot}/messagepack.annotations/2.2.60/lib/netstandard2.0/MessagePack.Annotations.dll
  - {NuGetPackageRoot}/messagepack/2.2.60/lib/netstandard2.0/MessagePack.dll
  - {NuGetPackageRoot}/microsoft.bcl.asyncinterfaces/1.1.1/ref/netstandard2.0/Microsoft.Bcl.AsyncInterfaces.dll
  - {NuGetPackageRoot}/microsoft.servicehub.framework/2.7.327-preview/lib/netstandard2.0/Microsoft.ServiceHub.Framework.dll
  - {NuGetPackageRoot}/microsoft.visualstudio.threading/16.7.56/lib/netstandard2.0/Microsoft.VisualStudio.Threading.dll
  - {NuGetPackageRoot}/microsoft.visualstudio.validation/15.5.31/lib/netstandard2.0/Microsoft.VisualStudio.Validation.dll
  - {NuGetPackageRoot}/microsoft.win32.registry/4.6.0/ref/netstandard2.0/Microsoft.Win32.Registry.dll
  - {NuGetPackageRoot}/nerdbank.streams/2.6.81/lib/netstandard2.0/Nerdbank.Streams.dll
  - {NuGetPackageRoot}/netstandard.library/2.0.3/build/netstandard2.0/ref/Microsoft.Win32.Primitives.dll
  - {NuGetPackageRoot}/netstandard.library/2.0.3/build/netstandard2.0/ref/mscorlib.dll
  - {NuGetPackageRoot}/netstandard.library/2.0.3/build/netstandard2.0/ref/netstandard.dll
  - {NuGetPackageRoot}/netstandard.library/2.0.3/build/netstandard2.0/ref/System.AppContext.dll
  - {NuGetPackageRoot}/netstandard.library/2.0.3/build/netstandard2.0/ref/System.Collections.Concurrent.dll
  - {NuGetPackageRoot}/netstandard.library/2.0.3/build/netstandard2.0/ref/System.Collections.dll
  - {NuGetPackageRoot}/netstandard.library/2.0.3/build/netstandard2.0/ref/System.Collections.NonGeneric.dll
  - {NuGetPackageRoot}/netstandard.library/2.0.3/build/netstandard2.0/ref/System.Collections.Specialized.dll
  - {NuGetPackageRoot}/netstandard.library/2.0.3/build/netstandard2.0/ref/System.ComponentModel.Composition.dll
  - {NuGetPackageRoot}/netstandard.library/2.0.3/build/netstandard2.0/ref/System.ComponentModel.dll
  - {NuGetPackageRoot}/netstandard.library/2.0.3/build/netstandard2.0/ref/System.ComponentModel.EventBasedAsync.dll
  - {NuGetPackageRoot}/netstandard.library/2.0.3/build/netstandard2.0/ref/System.ComponentModel.Primitives.dll
  - {NuGetPackageRoot}/netstandard.library/2.0.3/build/netstandard2.0/ref/System.ComponentModel.TypeConverter.dll
  - {NuGetPackageRoot}/netstandard.library/2.0.3/build/netstandard2.0/ref/System.Console.dll
  - {NuGetPackageRoot}/netstandard.library/2.0.3/build/netstandard2.0/ref/System.Core.dll
  - {NuGetPackageRoot}/netstandard.library/2.0.3/build/netstandard2.0/ref/System.Data.Common.dll
  - {NuGetPackageRoot}/netstandard.library/2.0.3/build/netstandard2.0/ref/System.Data.dll
  - {NuGetPackageRoot}/netstandard.library/2.0.3/build/netstandard2.0/ref/System.Diagnostics.Contracts.dll
  - {NuGetPackageRoot}/netstandard.library/2.0.3/build/netstandard2.0/ref/System.Diagnostics.Debug.dll
  - {NuGetPackageRoot}/netstandard.library/2.0.3/build/netstandard2.0/ref/System.Diagnostics.FileVersionInfo.dll
  - {NuGetPackageRoot}/netstandard.library/2.0.3/build/netstandard2.0/ref/System.Diagnostics.Process.dll
  - {NuGetPackageRoot}/netstandard.library/2.0.3/build/netstandard2.0/ref/System.Diagnostics.StackTrace.dll
  - {NuGetPackageRoot}/netstandard.library/2.0.3/build/netstandard2.0/ref/System.Diagnostics.TextWriterTraceListener.dll
  - {NuGetPackageRoot}/netstandard.library/2.0.3/build/netstandard2.0/ref/System.Diagnostics.Tools.dll
  - {NuGetPackageRoot}/netstandard.library/2.0.3/build/netstandard2.0/ref/System.Diagnostics.TraceSource.dll
  - {NuGetPackageRoot}/netstandard.library/2.0.3/build/netstandard2.0/ref/System.Diagnostics.Tracing.dll
  - {NuGetPackageRoot}/netstandard.library/2.0.3/build/netstandard2.0/ref/System.dll
  - {NuGetPackageRoot}/netstandard.library/2.0.3/build/netstandard2.0/ref/System.Drawing.dll
  - {NuGetPackageRoot}/netstandard.library/2.0.3/build/netstandard2.0/ref/System.Drawing.Primitives.dll
  - {NuGetPackageRoot}/netstandard.library/2.0.3/build/netstandard2.0/ref/System.Dynamic.Runtime.dll
  - {NuGetPackageRoot}/netstandard.library/2.0.3/build/netstandard2.0/ref/System.Globalization.Calendars.dll
  - {NuGetPackageRoot}/netstandard.library/2.0.3/build/netstandard2.0/ref/System.Globalization.dll
  - {NuGetPackageRoot}/netstandard.library/2.0.3/build/netstandard2.0/ref/System.Globalization.Extensions.dll
  - {NuGetPackageRoot}/netstandard.library/2.0.3/build/netstandard2.0/ref/System.IO.Compression.dll
  - {NuGetPackageRoot}/netstandard.library/2.0.3/build/netstandard2.0/ref/System.IO.Compression.FileSystem.dll
  - {NuGetPackageRoot}/netstandard.library/2.0.3/build/netstandard2.0/ref/System.IO.Compression.ZipFile.dll
  - {NuGetPackageRoot}/netstandard.library/2.0.3/build/netstandard2.0/ref/System.IO.dll
  - {NuGetPackageRoot}/netstandard.library/2.0.3/build/netstandard2.0/ref/System.IO.FileSystem.dll
  - {NuGetPackageRoot}/netstandard.library/2.0.3/build/netstandard2.0/ref/System.IO.FileSystem.DriveInfo.dll
  - {NuGetPackageRoot}/netstandard.library/2.0.3/build/netstandard2.0/ref/System.IO.FileSystem.Primitives.dll
  - {NuGetPackageRoot}/netstandard.library/2.0.3/build/netstandard2.0/ref/System.IO.FileSystem.Watcher.dll
  - {NuGetPackageRoot}/netstandard.library/2.0.3/build/netstandard2.0/ref/System.IO.IsolatedStorage.dll
  - {NuGetPackageRoot}/netstandard.library/2.0.3/build/netstandard2.0/ref/System.IO.MemoryMappedFiles.dll
  - {NuGetPackageRoot}/netstandard.library/2.0.3/build/netstandard2.0/ref/System.IO.Pipes.dll
  - {NuGetPackageRoot}/netstandard.library/2.0.3/build/netstandard2.0/ref/System.IO.UnmanagedMemoryStream.dll
  - {NuGetPackageRoot}/netstandard.library/2.0.3/build/netstandard2.0/ref/System.Linq.dll
  - {NuGetPackageRoot}/netstandard.library/2.0.3/build/netstandard2.0/ref/System.Linq.Expressions.dll
  - {NuGetPackageRoot}/netstandard.library/2.0.3/build/netstandard2.0/ref/System.Linq.Parallel.dll
  - {NuGetPackageRoot}/netstandard.library/2.0.3/build/netstandard2.0/ref/System.Linq.Queryable.dll
  - {NuGetPackageRoot}/netstandard.library/2.0.3/build/netstandard2.0/ref/System.Net.dll
  - {NuGetPackageRoot}/netstandard.library/2.0.3/build/netstandard2.0/ref/System.Net.Http.dll
  - {NuGetPackageRoot}/netstandard.library/2.0.3/build/netstandard2.0/ref/System.Net.NameResolution.dll
  - {NuGetPackageRoot}/netstandard.library/2.0.3/build/netstandard2.0/ref/System.Net.NetworkInformation.dll
  - {NuGetPackageRoot}/netstandard.library/2.0.3/build/netstandard2.0/ref/System.Net.Ping.dll
  - {NuGetPackageRoot}/netstandard.library/2.0.3/build/netstandard2.0/ref/System.Net.Primitives.dll
  - {NuGetPackageRoot}/netstandard.library/2.0.3/build/netstandard2.0/ref/System.Net.Requests.dll
  - {NuGetPackageRoot}/netstandard.library/2.0.3/build/netstandard2.0/ref/System.Net.Security.dll
  - {NuGetPackageRoot}/netstandard.library/2.0.3/build/netstandard2.0/ref/System.Net.Sockets.dll
  - {NuGetPackageRoot}/netstandard.library/2.0.3/build/netstandard2.0/ref/System.Net.WebHeaderCollection.dll
  - {NuGetPackageRoot}/netstandard.library/2.0.3/build/netstandard2.0/ref/System.Net.WebSockets.Client.dll
  - {NuGetPackageRoot}/netstandard.library/2.0.3/build/netstandard2.0/ref/System.Net.WebSockets.dll
  - {NuGetPackageRoot}/netstandard.library/2.0.3/build/netstandard2.0/ref/System.Numerics.dll
  - {NuGetPackageRoot}/netstandard.library/2.0.3/build/netstandard2.0/ref/System.ObjectModel.dll
  - {NuGetPackageRoot}/netstandard.library/2.0.3/build/netstandard2.0/ref/System.Reflection.dll
  - {NuGetPackageRoot}/netstandard.library/2.0.3/build/netstandard2.0/ref/System.Reflection.Extensions.dll
  - {NuGetPackageRoot}/netstandard.library/2.0.3/build/netstandard2.0/ref/System.Reflection.Primitives.dll
  - {NuGetPackageRoot}/netstandard.library/2.0.3/build/netstandard2.0/ref/System.Resources.Reader.dll
  - {NuGetPackageRoot}/netstandard.library/2.0.3/build/netstandard2.0/ref/System.Resources.ResourceManager.dll
  - {NuGetPackageRoot}/netstandard.library/2.0.3/build/netstandard2.0/ref/System.Resources.Writer.dll
  - {NuGetPackageRoot}/netstandard.library/2.0.3/build/netstandard2.0/ref/System.Runtime.CompilerServices.VisualC.dll
  - {NuGetPackageRoot}/netstandard.library/2.0.3/build/netstandard2.0/ref/System.Runtime.dll
  - {NuGetPackageRoot}/netstandard.library/2.0.3/build/netstandard2.0/ref/System.Runtime.Extensions.dll
  - {NuGetPackageRoot}/netstandard.library/2.0.3/build/netstandard2.0/ref/System.Runtime.Handles.dll
  - {NuGetPackageRoot}/netstandard.library/2.0.3/build/netstandard2.0/ref/System.Runtime.InteropServices.dll
  - {NuGetPackageRoot}/netstandard.library/2.0.3/build/netstandard2.0/ref/System.Runtime.InteropServices.RuntimeInformation.dll
  - {NuGetPackageRoot}/netstandard.library/2.0.3/build/netstandard2.0/ref/System.Runtime.Numerics.dll
  - {NuGetPackageRoot}/netstandard.library/2.0.3/build/netstandard2.0/ref/System.Runtime.Serialization.dll
  - {NuGetPackageRoot}/netstandard.library/2.0.3/build/netstandard2.0/ref/System.Runtime.Serialization.Formatters.dll
  - {NuGetPackageRoot}/netstandard.library/2.0.3/build/netstandard2.0/ref/System.Runtime.Serialization.Json.dll
  - {NuGetPackageRoot}/netstandard.library/2.0.3/build/netstandard2.0/ref/System.Runtime.Serialization.Primitives.dll
  - {NuGetPackageRoot}/netstandard.library/2.0.3/build/netstandard2.0/ref/System.Runtime.Serialization.Xml.dll
  - {NuGetPackageRoot}/netstandard.library/2.0.3/build/netstandard2.0/ref/System.Security.Claims.dll
  - {NuGetPackageRoot}/netstandard.library/2.0.3/build/netstandard2.0/ref/System.Security.Cryptography.Algorithms.dll
  - {NuGetPackageRoot}/netstandard.library/2.0.3/build/netstandard2.0/ref/System.Security.Cryptography.Csp.dll
  - {NuGetPackageRoot}/netstandard.library/2.0.3/build/netstandard2.0/ref/System.Security.Cryptography.Encoding.dll
  - {NuGetPackageRoot}/netstandard.library/2.0.3/build/netstandard2.0/ref/System.Security.Cryptography.Primitives.dll
  - {NuGetPackageRoot}/netstandard.library/2.0.3/build/netstandard2.0/ref/System.Security.Cryptography.X509Certificates.dll
  - {NuGetPackageRoot}/netstandard.library/2.0.3/build/netstandard2.0/ref/System.Security.Principal.dll
  - {NuGetPackageRoot}/netstandard.library/2.0.3/build/netstandard2.0/ref/System.Security.SecureString.dll
  - {NuGetPackageRoot}/netstandard.library/2.0.3/build/netstandard2.0/ref/System.ServiceModel.Web.dll
  - {NuGetPackageRoot}/netstandard.library/2.0.3/build/netstandard2.0/ref/System.Text.Encoding.dll
  - {NuGetPackageRoot}/netstandard.library/2.0.3/build/netstandard2.0/ref/System.Text.Encoding.Extensions.dll
  - {NuGetPackageRoot}/netstandard.library/2.0.3/build/netstandard2.0/ref/System.Text.RegularExpressions.dll
  - {NuGetPackageRoot}/netstandard.library/2.0.3/build/netstandard2.0/ref/System.Threading.dll
  - {NuGetPackageRoot}/netstandard.library/2.0.3/build/netstandard2.0/ref/System.Threading.Overlapped.dll
  - {NuGetPackageRoot}/netstandard.library/2.0.3/build/netstandard2.0/ref/System.Threading.Tasks.dll
  - {NuGetPackageRoot}/netstandard.library/2.0.3/build/netstandard2.0/ref/System.Threading.Tasks.Parallel.dll
  - {NuGetPackageRoot}/netstandard.library/2.0.3/build/netstandard2.0/ref/System.Threading.Thread.dll
  - {NuGetPackageRoot}/netstandard.library/2.0.3/build/netstandard2.0/ref/System.Threading.ThreadPool.dll
  - {NuGetPackageRoot}/netstandard.library/2.0.3/build/netstandard2.0/ref/System.Threading.Timer.dll
  - {NuGetPackageRoot}/netstandard.library/2.0.3/build/netstandard2.0/ref/System.Transactions.dll
  - {NuGetPackageRoot}/netstandard.library/2.0.3/build/netstandard2.0/ref/System.ValueTuple.dll
  - {NuGetPackageRoot}/netstandard.library/2.0.3/build/netstandard2.0/ref/System.Web.dll
  - {NuGetPackageRoot}/netstandard.library/2.0.3/build/netstandard2.0/ref/System.Windows.dll
  - {NuGetPackageRoot}/netstandard.library/2.0.3/build/netstandard2.0/ref/System.Xml.dll
  - {NuGetPackageRoot}/netstandard.library/2.0.3/build/netstandard2.0/ref/System.Xml.Linq.dll
  - {NuGetPackageRoot}/netstandard.library/2.0.3/build/netstandard2.0/ref/System.Xml.ReaderWriter.dll
  - {NuGetPackageRoot}/netstandard.library/2.0.3/build/netstandard2.0/ref/System.Xml.Serialization.dll
  - {NuGetPackageRoot}/netstandard.library/2.0.3/build/netstandard2.0/ref/System.Xml.XDocument.dll
  - {NuGetPackageRoot}/netstandard.library/2.0.3/build/netstandard2.0/ref/System.Xml.XmlDocument.dll
  - {NuGetPackageRoot}/netstandard.library/2.0.3/build/netstandard2.0/ref/System.Xml.XmlSerializer.dll
  - {NuGetPackageRoot}/netstandard.library/2.0.3/build/netstandard2.0/ref/System.Xml.XPath.dll
  - {NuGetPackageRoot}/netstandard.library/2.0.3/build/netstandard2.0/ref/System.Xml.XPath.XDocument.dll
  - {NuGetPackageRoot}/streamjsonrpc/2.7.23-alpha/lib/netstandard2.0/StreamJsonRpc.dll
  - {NuGetPackageRoot}/system.buffers/4.5.1/ref/netstandard2.0/System.Buffers.dll
  - {NuGetPackageRoot}/system.collections.immutable/1.7.1/lib/netstandard2.0/System.Collections.Immutable.dll
  - {NuGetPackageRoot}/system.io.pipelines/4.7.3/lib/netstandard2.0/System.IO.Pipelines.dll
  - {NuGetPackageRoot}/system.memory/4.5.4/lib/netstandard2.0/System.Memory.dll
  - {NuGetPackageRoot}/system.numerics.vectors/4.4.0/ref/netstandard2.0/System.Numerics.Vectors.dll
  - {NuGetPackageRoot}/system.reflection.emit.ilgeneration/4.7.0/ref/netstandard2.0/System.Reflection.Emit.ILGeneration.dll
  - {NuGetPackageRoot}/system.reflection.emit.lightweight/4.6.0/ref/netstandard2.0/System.Reflection.Emit.Lightweight.dll
  - {NuGetPackageRoot}/system.reflection.emit/4.7.0/ref/netstandard2.0/System.Reflection.Emit.dll
  - {NuGetPackageRoot}/system.runtime.compilerservices.unsafe/4.7.1/ref/netstandard2.0/System.Runtime.CompilerServices.Unsafe.dll
  - {NuGetPackageRoot}/system.security.accesscontrol/4.6.0/ref/netstandard2.0/System.Security.AccessControl.dll
  - {NuGetPackageRoot}/system.security.principal.windows/4.6.0/ref/netstandard2.0/System.Security.Principal.Windows.dll
  - {NuGetPackageRoot}/system.threading.tasks.extensions/4.5.4/lib/netstandard2.0/System.Threading.Tasks.Extensions.dll
  sources:
  - ../../../build/Shared/EncodingUtility.cs
  - ../../../build/Shared/EqualityUtility.cs
  - ../../../build/Shared/HashCodeCombiner.cs
  - ../../../build/Shared/SharedExtensions.cs
  - ../../../build/Shared/SimplePool.cs
  - ../../../build/Shared/StringBuilderPool.cs
  - ../../../build/Shared/TypeExtensions.cs
  - ../../../build/Shared/TypeInfo.cs
  - ../../../build/Shared/XmlUtility.cs
  - InstalledPackageResultStatus.cs
  - InstalledPackagesResult.cs
  - INuGetProjectService.cs
  - NuGetContractsFactory.cs
  - NuGetInstalledPackage.cs
  - NuGetServices.cs
