net472:
  constants:
  - DEBUG
  - DEBUG
  - IS_DESKTOP
  - IS_SIGNING_SUPPORTED
  - NET20_OR_GREATER
  - NET30_OR_GREATER
  - NET35_OR_GREATER
  - NET40_OR_GREATER
  - NET45_OR_GREATER
  - NET451_OR_GREATER
  - NET452_OR_GREATER
  - NET46_OR_GREATER
  - NET461_OR_GREATER
  - NET462_OR_GREATER
  - NET47_OR_GREATER
  - NET471_OR_GREATER
  - NET472
  - NET472_OR_GREATER
  - NETFRAMEWORK
  - TRACE
  - TRACE
  outputs:
  - NuGet.Credentials.dll
  - NuGet.Credentials.pdb
  references:
  - ../../../artifacts/NuGet.Common/bin/Debug/net472/NuGet.Common.dll
  - ../../../artifacts/NuGet.Configuration/bin/Debug/net472/NuGet.Configuration.dll
  - ../../../artifacts/NuGet.Frameworks/bin/Debug/net472/NuGet.Frameworks.dll
  - ../../../artifacts/NuGet.Packaging/bin/Debug/net472/NuGet.Packaging.dll
  - ../../../artifacts/NuGet.Protocol/bin/Debug/net472/NuGet.Protocol.dll
  - ../../../artifacts/NuGet.Versioning/bin/Debug/net472/NuGet.Versioning.dll
  - {FrameworkAssemblies}/Microsoft.CSharp.dll
  - {FrameworkAssemblies}/mscorlib.dll
  - {FrameworkAssemblies}/System.Core.dll
  - {FrameworkAssemblies}/System.Data.DataSetExtensions.dll
  - {FrameworkAssemblies}/System.Data.dll
  - {FrameworkAssemblies}/System.dll
  - {FrameworkAssemblies}/System.Drawing.dll
  - {FrameworkAssemblies}/System.IO.Compression.FileSystem.dll
  - {FrameworkAssemblies}/System.Net.Http.dll
  - {FrameworkAssemblies}/System.Numerics.dll
  - {FrameworkAssemblies}/System.Runtime.Serialization.dll
  - {FrameworkAssemblies}/System.Xml.dll
  - {FrameworkAssemblies}/System.Xml.Linq.dll
  - {NuGetPackageRoot}/newtonsoft.json/13.0.1/lib/net45/Newtonsoft.Json.dll
  sources:
  - ../../../build/Shared/EncodingUtility.cs
  - ../../../build/Shared/EqualityUtility.cs
  - ../../../build/Shared/HashCodeCombiner.cs
  - ../../../build/Shared/SharedExtensions.cs
  - ../../../build/Shared/SimplePool.cs
  - ../../../build/Shared/StringBuilderPool.cs
  - ../../../build/Shared/TypeExtensions.cs
  - ../../../build/Shared/TypeInfo.cs
  - ../../../build/Shared/XmlUtility.cs
  - CredentialResponse.cs
  - CredentialsConstants.cs
  - CredentialService.cs
  - CredentialStatus.cs
  - DefaultCredentialServiceUtility.cs
  - DefaultNetworkCredentialsCredentialProvider.cs
  - DelegatingLogger.cs
  - GlobalSuppressions.cs
  - ICredentialProvider.cs
  - PluginCredentialProvider.cs
  - PluginCredentialProviderBuilder.cs
  - PluginCredentialRequest.cs
  - PluginCredentialResponse.cs
  - PluginException.cs
  - PluginUnexpectedStatusException.cs
  - PreviewFeatureSettings.cs
  - Properties/AssemblyInfo.cs
  - ProviderException.cs
  - Resources.Designer.cs
  - Resources.resx
  - SecurePluginCredentialProvider.cs
  - SecurePluginCredentialProviderBuilder.cs
netcoreapp5.0:
  constants:
  - DEBUG
  - DEBUG
  - IS_CORECLR
  - IS_SIGNING_SUPPORTED
  - NET
  - NET5_0
  - NET5_0_OR_GREATER
  - NETCORE5_0
  - NETCOREAPP
  - NETCOREAPP1_0_OR_GREATER
  - NETCOREAPP1_1_OR_GREATER
  - NETCOREAPP2_0_OR_GREATER
  - NETCOREAPP2_1_OR_GREATER
  - NETCOREAPP2_2_OR_GREATER
  - NETCOREAPP3_0_OR_GREATER
  - NETCOREAPP3_1_OR_GREATER
  - TRACE
  - TRACE
  outputs:
  - NuGet.Credentials.deps.json
  - NuGet.Credentials.dll
  - NuGet.Credentials.pdb
  - ref/NuGet.Credentials.dll
  references:
  - ../../../artifacts/NuGet.Common/bin/Debug/netstandard2.0/NuGet.Common.dll
  - ../../../artifacts/NuGet.Configuration/bin/Debug/netstandard2.0/NuGet.Configuration.dll
  - ../../../artifacts/NuGet.Frameworks/bin/Debug/netstandard2.0/NuGet.Frameworks.dll
  - ../../../artifacts/NuGet.Packaging/bin/Debug/netcoreapp5.0/ref/NuGet.Packaging.dll
  - ../../../artifacts/NuGet.Protocol/bin/Debug/netcoreapp5.0/ref/NuGet.Protocol.dll
  - ../../../artifacts/NuGet.Versioning/bin/Debug/netstandard2.0/NuGet.Versioning.dll
  - {NetCoreTargetingPackRoot}/Microsoft.NETCore.App.Ref/5.0.0/ref/net5.0/Microsoft.CSharp.dll
  - {NetCoreTargetingPackRoot}/Microsoft.NETCore.App.Ref/5.0.0/ref/net5.0/Microsoft.VisualBasic.Core.dll
  - {NetCoreTargetingPackRoot}/Microsoft.NETCore.App.Ref/5.0.0/ref/net5.0/Microsoft.VisualBasic.dll
  - {NetCoreTargetingPackRoot}/Microsoft.NETCore.App.Ref/5.0.0/ref/net5.0/Microsoft.Win32.Primitives.dll
  - {NetCoreTargetingPackRoot}/Microsoft.NETCore.App.Ref/5.0.0/ref/net5.0/mscorlib.dll
  - {NetCoreTargetingPackRoot}/Microsoft.NETCore.App.Ref/5.0.0/ref/net5.0/netstandard.dll
  - {NetCoreTargetingPackRoot}/Microsoft.NETCore.App.Ref/5.0.0/ref/net5.0/System.AppContext.dll
  - {NetCoreTargetingPackRoot}/Microsoft.NETCore.App.Ref/5.0.0/ref/net5.0/System.Buffers.dll
  - {NetCoreTargetingPackRoot}/Microsoft.NETCore.App.Ref/5.0.0/ref/net5.0/System.Collections.Concurrent.dll
  - {NetCoreTargetingPackRoot}/Microsoft.NETCore.App.Ref/5.0.0/ref/net5.0/System.Collections.dll
  - {NetCoreTargetingPackRoot}/Microsoft.NETCore.App.Ref/5.0.0/ref/net5.0/System.Collections.Immutable.dll
  - {NetCoreTargetingPackRoot}/Microsoft.NETCore.App.Ref/5.0.0/ref/net5.0/System.Collections.NonGeneric.dll
  - {NetCoreTargetingPackRoot}/Microsoft.NETCore.App.Ref/5.0.0/ref/net5.0/System.Collections.Specialized.dll
  - {NetCoreTargetingPackRoot}/Microsoft.NETCore.App.Ref/5.0.0/ref/net5.0/System.ComponentModel.Annotations.dll
  - {NetCoreTargetingPackRoot}/Microsoft.NETCore.App.Ref/5.0.0/ref/net5.0/System.ComponentModel.DataAnnotations.dll
  - {NetCoreTargetingPackRoot}/Microsoft.NETCore.App.Ref/5.0.0/ref/net5.0/System.ComponentModel.dll
  - {NetCoreTargetingPackRoot}/Microsoft.NETCore.App.Ref/5.0.0/ref/net5.0/System.ComponentModel.EventBasedAsync.dll
  - {NetCoreTargetingPackRoot}/Microsoft.NETCore.App.Ref/5.0.0/ref/net5.0/System.ComponentModel.Primitives.dll
  - {NetCoreTargetingPackRoot}/Microsoft.NETCore.App.Ref/5.0.0/ref/net5.0/System.ComponentModel.TypeConverter.dll
  - {NetCoreTargetingPackRoot}/Microsoft.NETCore.App.Ref/5.0.0/ref/net5.0/System.Configuration.dll
  - {NetCoreTargetingPackRoot}/Microsoft.NETCore.App.Ref/5.0.0/ref/net5.0/System.Console.dll
  - {NetCoreTargetingPackRoot}/Microsoft.NETCore.App.Ref/5.0.0/ref/net5.0/System.Core.dll
  - {NetCoreTargetingPackRoot}/Microsoft.NETCore.App.Ref/5.0.0/ref/net5.0/System.Data.Common.dll
  - {NetCoreTargetingPackRoot}/Microsoft.NETCore.App.Ref/5.0.0/ref/net5.0/System.Data.DataSetExtensions.dll
  - {NetCoreTargetingPackRoot}/Microsoft.NETCore.App.Ref/5.0.0/ref/net5.0/System.Data.dll
  - {NetCoreTargetingPackRoot}/Microsoft.NETCore.App.Ref/5.0.0/ref/net5.0/System.Diagnostics.Contracts.dll
  - {NetCoreTargetingPackRoot}/Microsoft.NETCore.App.Ref/5.0.0/ref/net5.0/System.Diagnostics.Debug.dll
  - {NetCoreTargetingPackRoot}/Microsoft.NETCore.App.Ref/5.0.0/ref/net5.0/System.Diagnostics.DiagnosticSource.dll
  - {NetCoreTargetingPackRoot}/Microsoft.NETCore.App.Ref/5.0.0/ref/net5.0/System.Diagnostics.FileVersionInfo.dll
  - {NetCoreTargetingPackRoot}/Microsoft.NETCore.App.Ref/5.0.0/ref/net5.0/System.Diagnostics.Process.dll
  - {NetCoreTargetingPackRoot}/Microsoft.NETCore.App.Ref/5.0.0/ref/net5.0/System.Diagnostics.StackTrace.dll
  - {NetCoreTargetingPackRoot}/Microsoft.NETCore.App.Ref/5.0.0/ref/net5.0/System.Diagnostics.TextWriterTraceListener.dll
  - {NetCoreTargetingPackRoot}/Microsoft.NETCore.App.Ref/5.0.0/ref/net5.0/System.Diagnostics.Tools.dll
  - {NetCoreTargetingPackRoot}/Microsoft.NETCore.App.Ref/5.0.0/ref/net5.0/System.Diagnostics.TraceSource.dll
  - {NetCoreTargetingPackRoot}/Microsoft.NETCore.App.Ref/5.0.0/ref/net5.0/System.Diagnostics.Tracing.dll
  - {NetCoreTargetingPackRoot}/Microsoft.NETCore.App.Ref/5.0.0/ref/net5.0/System.dll
  - {NetCoreTargetingPackRoot}/Microsoft.NETCore.App.Ref/5.0.0/ref/net5.0/System.Drawing.dll
  - {NetCoreTargetingPackRoot}/Microsoft.NETCore.App.Ref/5.0.0/ref/net5.0/System.Drawing.Primitives.dll
  - {NetCoreTargetingPackRoot}/Microsoft.NETCore.App.Ref/5.0.0/ref/net5.0/System.Dynamic.Runtime.dll
  - {NetCoreTargetingPackRoot}/Microsoft.NETCore.App.Ref/5.0.0/ref/net5.0/System.Formats.Asn1.dll
  - {NetCoreTargetingPackRoot}/Microsoft.NETCore.App.Ref/5.0.0/ref/net5.0/System.Globalization.Calendars.dll
  - {NetCoreTargetingPackRoot}/Microsoft.NETCore.App.Ref/5.0.0/ref/net5.0/System.Globalization.dll
  - {NetCoreTargetingPackRoot}/Microsoft.NETCore.App.Ref/5.0.0/ref/net5.0/System.Globalization.Extensions.dll
  - {NetCoreTargetingPackRoot}/Microsoft.NETCore.App.Ref/5.0.0/ref/net5.0/System.IO.Compression.Brotli.dll
  - {NetCoreTargetingPackRoot}/Microsoft.NETCore.App.Ref/5.0.0/ref/net5.0/System.IO.Compression.dll
  - {NetCoreTargetingPackRoot}/Microsoft.NETCore.App.Ref/5.0.0/ref/net5.0/System.IO.Compression.FileSystem.dll
  - {NetCoreTargetingPackRoot}/Microsoft.NETCore.App.Ref/5.0.0/ref/net5.0/System.IO.Compression.ZipFile.dll
  - {NetCoreTargetingPackRoot}/Microsoft.NETCore.App.Ref/5.0.0/ref/net5.0/System.IO.dll
  - {NetCoreTargetingPackRoot}/Microsoft.NETCore.App.Ref/5.0.0/ref/net5.0/System.IO.FileSystem.dll
  - {NetCoreTargetingPackRoot}/Microsoft.NETCore.App.Ref/5.0.0/ref/net5.0/System.IO.FileSystem.DriveInfo.dll
  - {NetCoreTargetingPackRoot}/Microsoft.NETCore.App.Ref/5.0.0/ref/net5.0/System.IO.FileSystem.Primitives.dll
  - {NetCoreTargetingPackRoot}/Microsoft.NETCore.App.Ref/5.0.0/ref/net5.0/System.IO.FileSystem.Watcher.dll
  - {NetCoreTargetingPackRoot}/Microsoft.NETCore.App.Ref/5.0.0/ref/net5.0/System.IO.IsolatedStorage.dll
  - {NetCoreTargetingPackRoot}/Microsoft.NETCore.App.Ref/5.0.0/ref/net5.0/System.IO.MemoryMappedFiles.dll
  - {NetCoreTargetingPackRoot}/Microsoft.NETCore.App.Ref/5.0.0/ref/net5.0/System.IO.Pipes.dll
  - {NetCoreTargetingPackRoot}/Microsoft.NETCore.App.Ref/5.0.0/ref/net5.0/System.IO.UnmanagedMemoryStream.dll
  - {NetCoreTargetingPackRoot}/Microsoft.NETCore.App.Ref/5.0.0/ref/net5.0/System.Linq.dll
  - {NetCoreTargetingPackRoot}/Microsoft.NETCore.App.Ref/5.0.0/ref/net5.0/System.Linq.Expressions.dll
  - {NetCoreTargetingPackRoot}/Microsoft.NETCore.App.Ref/5.0.0/ref/net5.0/System.Linq.Parallel.dll
  - {NetCoreTargetingPackRoot}/Microsoft.NETCore.App.Ref/5.0.0/ref/net5.0/System.Linq.Queryable.dll
  - {NetCoreTargetingPackRoot}/Microsoft.NETCore.App.Ref/5.0.0/ref/net5.0/System.Memory.dll
  - {NetCoreTargetingPackRoot}/Microsoft.NETCore.App.Ref/5.0.0/ref/net5.0/System.Net.dll
  - {NetCoreTargetingPackRoot}/Microsoft.NETCore.App.Ref/5.0.0/ref/net5.0/System.Net.Http.dll
  - {NetCoreTargetingPackRoot}/Microsoft.NETCore.App.Ref/5.0.0/ref/net5.0/System.Net.Http.Json.dll
  - {NetCoreTargetingPackRoot}/Microsoft.NETCore.App.Ref/5.0.0/ref/net5.0/System.Net.HttpListener.dll
  - {NetCoreTargetingPackRoot}/Microsoft.NETCore.App.Ref/5.0.0/ref/net5.0/System.Net.Mail.dll
  - {NetCoreTargetingPackRoot}/Microsoft.NETCore.App.Ref/5.0.0/ref/net5.0/System.Net.NameResolution.dll
  - {NetCoreTargetingPackRoot}/Microsoft.NETCore.App.Ref/5.0.0/ref/net5.0/System.Net.NetworkInformation.dll
  - {NetCoreTargetingPackRoot}/Microsoft.NETCore.App.Ref/5.0.0/ref/net5.0/System.Net.Ping.dll
  - {NetCoreTargetingPackRoot}/Microsoft.NETCore.App.Ref/5.0.0/ref/net5.0/System.Net.Primitives.dll
  - {NetCoreTargetingPackRoot}/Microsoft.NETCore.App.Ref/5.0.0/ref/net5.0/System.Net.Requests.dll
  - {NetCoreTargetingPackRoot}/Microsoft.NETCore.App.Ref/5.0.0/ref/net5.0/System.Net.Security.dll
  - {NetCoreTargetingPackRoot}/Microsoft.NETCore.App.Ref/5.0.0/ref/net5.0/System.Net.ServicePoint.dll
  - {NetCoreTargetingPackRoot}/Microsoft.NETCore.App.Ref/5.0.0/ref/net5.0/System.Net.Sockets.dll
  - {NetCoreTargetingPackRoot}/Microsoft.NETCore.App.Ref/5.0.0/ref/net5.0/System.Net.WebClient.dll
  - {NetCoreTargetingPackRoot}/Microsoft.NETCore.App.Ref/5.0.0/ref/net5.0/System.Net.WebHeaderCollection.dll
  - {NetCoreTargetingPackRoot}/Microsoft.NETCore.App.Ref/5.0.0/ref/net5.0/System.Net.WebProxy.dll
  - {NetCoreTargetingPackRoot}/Microsoft.NETCore.App.Ref/5.0.0/ref/net5.0/System.Net.WebSockets.Client.dll
  - {NetCoreTargetingPackRoot}/Microsoft.NETCore.App.Ref/5.0.0/ref/net5.0/System.Net.WebSockets.dll
  - {NetCoreTargetingPackRoot}/Microsoft.NETCore.App.Ref/5.0.0/ref/net5.0/System.Numerics.dll
  - {NetCoreTargetingPackRoot}/Microsoft.NETCore.App.Ref/5.0.0/ref/net5.0/System.Numerics.Vectors.dll
  - {NetCoreTargetingPackRoot}/Microsoft.NETCore.App.Ref/5.0.0/ref/net5.0/System.ObjectModel.dll
  - {NetCoreTargetingPackRoot}/Microsoft.NETCore.App.Ref/5.0.0/ref/net5.0/System.Reflection.DispatchProxy.dll
  - {NetCoreTargetingPackRoot}/Microsoft.NETCore.App.Ref/5.0.0/ref/net5.0/System.Reflection.dll
  - {NetCoreTargetingPackRoot}/Microsoft.NETCore.App.Ref/5.0.0/ref/net5.0/System.Reflection.Emit.dll
  - {NetCoreTargetingPackRoot}/Microsoft.NETCore.App.Ref/5.0.0/ref/net5.0/System.Reflection.Emit.ILGeneration.dll
  - {NetCoreTargetingPackRoot}/Microsoft.NETCore.App.Ref/5.0.0/ref/net5.0/System.Reflection.Emit.Lightweight.dll
  - {NetCoreTargetingPackRoot}/Microsoft.NETCore.App.Ref/5.0.0/ref/net5.0/System.Reflection.Extensions.dll
  - {NetCoreTargetingPackRoot}/Microsoft.NETCore.App.Ref/5.0.0/ref/net5.0/System.Reflection.Metadata.dll
  - {NetCoreTargetingPackRoot}/Microsoft.NETCore.App.Ref/5.0.0/ref/net5.0/System.Reflection.Primitives.dll
  - {NetCoreTargetingPackRoot}/Microsoft.NETCore.App.Ref/5.0.0/ref/net5.0/System.Reflection.TypeExtensions.dll
  - {NetCoreTargetingPackRoot}/Microsoft.NETCore.App.Ref/5.0.0/ref/net5.0/System.Resources.Reader.dll
  - {NetCoreTargetingPackRoot}/Microsoft.NETCore.App.Ref/5.0.0/ref/net5.0/System.Resources.ResourceManager.dll
  - {NetCoreTargetingPackRoot}/Microsoft.NETCore.App.Ref/5.0.0/ref/net5.0/System.Resources.Writer.dll
  - {NetCoreTargetingPackRoot}/Microsoft.NETCore.App.Ref/5.0.0/ref/net5.0/System.Runtime.CompilerServices.Unsafe.dll
  - {NetCoreTargetingPackRoot}/Microsoft.NETCore.App.Ref/5.0.0/ref/net5.0/System.Runtime.CompilerServices.VisualC.dll
  - {NetCoreTargetingPackRoot}/Microsoft.NETCore.App.Ref/5.0.0/ref/net5.0/System.Runtime.dll
  - {NetCoreTargetingPackRoot}/Microsoft.NETCore.App.Ref/5.0.0/ref/net5.0/System.Runtime.Extensions.dll
  - {NetCoreTargetingPackRoot}/Microsoft.NETCore.App.Ref/5.0.0/ref/net5.0/System.Runtime.Handles.dll
  - {NetCoreTargetingPackRoot}/Microsoft.NETCore.App.Ref/5.0.0/ref/net5.0/System.Runtime.InteropServices.dll
  - {NetCoreTargetingPackRoot}/Microsoft.NETCore.App.Ref/5.0.0/ref/net5.0/System.Runtime.InteropServices.RuntimeInformation.dll
  - {NetCoreTargetingPackRoot}/Microsoft.NETCore.App.Ref/5.0.0/ref/net5.0/System.Runtime.Intrinsics.dll
  - {NetCoreTargetingPackRoot}/Microsoft.NETCore.App.Ref/5.0.0/ref/net5.0/System.Runtime.Loader.dll
  - {NetCoreTargetingPackRoot}/Microsoft.NETCore.App.Ref/5.0.0/ref/net5.0/System.Runtime.Numerics.dll
  - {NetCoreTargetingPackRoot}/Microsoft.NETCore.App.Ref/5.0.0/ref/net5.0/System.Runtime.Serialization.dll
  - {NetCoreTargetingPackRoot}/Microsoft.NETCore.App.Ref/5.0.0/ref/net5.0/System.Runtime.Serialization.Formatters.dll
  - {NetCoreTargetingPackRoot}/Microsoft.NETCore.App.Ref/5.0.0/ref/net5.0/System.Runtime.Serialization.Json.dll
  - {NetCoreTargetingPackRoot}/Microsoft.NETCore.App.Ref/5.0.0/ref/net5.0/System.Runtime.Serialization.Primitives.dll
  - {NetCoreTargetingPackRoot}/Microsoft.NETCore.App.Ref/5.0.0/ref/net5.0/System.Runtime.Serialization.Xml.dll
  - {NetCoreTargetingPackRoot}/Microsoft.NETCore.App.Ref/5.0.0/ref/net5.0/System.Security.Claims.dll
  - {NetCoreTargetingPackRoot}/Microsoft.NETCore.App.Ref/5.0.0/ref/net5.0/System.Security.Cryptography.Algorithms.dll
  - {NetCoreTargetingPackRoot}/Microsoft.NETCore.App.Ref/5.0.0/ref/net5.0/System.Security.Cryptography.Csp.dll
  - {NetCoreTargetingPackRoot}/Microsoft.NETCore.App.Ref/5.0.0/ref/net5.0/System.Security.Cryptography.Encoding.dll
  - {NetCoreTargetingPackRoot}/Microsoft.NETCore.App.Ref/5.0.0/ref/net5.0/System.Security.Cryptography.Primitives.dll
  - {NetCoreTargetingPackRoot}/Microsoft.NETCore.App.Ref/5.0.0/ref/net5.0/System.Security.Cryptography.X509Certificates.dll
  - {NetCoreTargetingPackRoot}/Microsoft.NETCore.App.Ref/5.0.0/ref/net5.0/System.Security.dll
  - {NetCoreTargetingPackRoot}/Microsoft.NETCore.App.Ref/5.0.0/ref/net5.0/System.Security.Principal.dll
  - {NetCoreTargetingPackRoot}/Microsoft.NETCore.App.Ref/5.0.0/ref/net5.0/System.Security.SecureString.dll
  - {NetCoreTargetingPackRoot}/Microsoft.NETCore.App.Ref/5.0.0/ref/net5.0/System.ServiceModel.Web.dll
  - {NetCoreTargetingPackRoot}/Microsoft.NETCore.App.Ref/5.0.0/ref/net5.0/System.ServiceProcess.dll
  - {NetCoreTargetingPackRoot}/Microsoft.NETCore.App.Ref/5.0.0/ref/net5.0/System.Text.Encoding.CodePages.dll
  - {NetCoreTargetingPackRoot}/Microsoft.NETCore.App.Ref/5.0.0/ref/net5.0/System.Text.Encoding.dll
  - {NetCoreTargetingPackRoot}/Microsoft.NETCore.App.Ref/5.0.0/ref/net5.0/System.Text.Encoding.Extensions.dll
  - {NetCoreTargetingPackRoot}/Microsoft.NETCore.App.Ref/5.0.0/ref/net5.0/System.Text.Encodings.Web.dll
  - {NetCoreTargetingPackRoot}/Microsoft.NETCore.App.Ref/5.0.0/ref/net5.0/System.Text.Json.dll
  - {NetCoreTargetingPackRoot}/Microsoft.NETCore.App.Ref/5.0.0/ref/net5.0/System.Text.RegularExpressions.dll
  - {NetCoreTargetingPackRoot}/Microsoft.NETCore.App.Ref/5.0.0/ref/net5.0/System.Threading.Channels.dll
  - {NetCoreTargetingPackRoot}/Microsoft.NETCore.App.Ref/5.0.0/ref/net5.0/System.Threading.dll
  - {NetCoreTargetingPackRoot}/Microsoft.NETCore.App.Ref/5.0.0/ref/net5.0/System.Threading.Overlapped.dll
  - {NetCoreTargetingPackRoot}/Microsoft.NETCore.App.Ref/5.0.0/ref/net5.0/System.Threading.Tasks.Dataflow.dll
  - {NetCoreTargetingPackRoot}/Microsoft.NETCore.App.Ref/5.0.0/ref/net5.0/System.Threading.Tasks.dll
  - {NetCoreTargetingPackRoot}/Microsoft.NETCore.App.Ref/5.0.0/ref/net5.0/System.Threading.Tasks.Extensions.dll
  - {NetCoreTargetingPackRoot}/Microsoft.NETCore.App.Ref/5.0.0/ref/net5.0/System.Threading.Tasks.Parallel.dll
  - {NetCoreTargetingPackRoot}/Microsoft.NETCore.App.Ref/5.0.0/ref/net5.0/System.Threading.Thread.dll
  - {NetCoreTargetingPackRoot}/Microsoft.NETCore.App.Ref/5.0.0/ref/net5.0/System.Threading.ThreadPool.dll
  - {NetCoreTargetingPackRoot}/Microsoft.NETCore.App.Ref/5.0.0/ref/net5.0/System.Threading.Timer.dll
  - {NetCoreTargetingPackRoot}/Microsoft.NETCore.App.Ref/5.0.0/ref/net5.0/System.Transactions.dll
  - {NetCoreTargetingPackRoot}/Microsoft.NETCore.App.Ref/5.0.0/ref/net5.0/System.Transactions.Local.dll
  - {NetCoreTargetingPackRoot}/Microsoft.NETCore.App.Ref/5.0.0/ref/net5.0/System.ValueTuple.dll
  - {NetCoreTargetingPackRoot}/Microsoft.NETCore.App.Ref/5.0.0/ref/net5.0/System.Web.dll
  - {NetCoreTargetingPackRoot}/Microsoft.NETCore.App.Ref/5.0.0/ref/net5.0/System.Web.HttpUtility.dll
  - {NetCoreTargetingPackRoot}/Microsoft.NETCore.App.Ref/5.0.0/ref/net5.0/System.Windows.dll
  - {NetCoreTargetingPackRoot}/Microsoft.NETCore.App.Ref/5.0.0/ref/net5.0/System.Xml.dll
  - {NetCoreTargetingPackRoot}/Microsoft.NETCore.App.Ref/5.0.0/ref/net5.0/System.Xml.Linq.dll
  - {NetCoreTargetingPackRoot}/Microsoft.NETCore.App.Ref/5.0.0/ref/net5.0/System.Xml.ReaderWriter.dll
  - {NetCoreTargetingPackRoot}/Microsoft.NETCore.App.Ref/5.0.0/ref/net5.0/System.Xml.Serialization.dll
  - {NetCoreTargetingPackRoot}/Microsoft.NETCore.App.Ref/5.0.0/ref/net5.0/System.Xml.XDocument.dll
  - {NetCoreTargetingPackRoot}/Microsoft.NETCore.App.Ref/5.0.0/ref/net5.0/System.Xml.XmlDocument.dll
  - {NetCoreTargetingPackRoot}/Microsoft.NETCore.App.Ref/5.0.0/ref/net5.0/System.Xml.XmlSerializer.dll
  - {NetCoreTargetingPackRoot}/Microsoft.NETCore.App.Ref/5.0.0/ref/net5.0/System.Xml.XPath.dll
  - {NetCoreTargetingPackRoot}/Microsoft.NETCore.App.Ref/5.0.0/ref/net5.0/System.Xml.XPath.XDocument.dll
  - {NetCoreTargetingPackRoot}/Microsoft.NETCore.App.Ref/5.0.0/ref/net5.0/WindowsBase.dll
  - {NuGetPackageRoot}/newtonsoft.json/13.0.1/lib/netstandard2.0/Newtonsoft.Json.dll
  - {NuGetPackageRoot}/system.security.cryptography.cng/5.0.0/ref/netcoreapp3.0/System.Security.Cryptography.Cng.dll
  - {NuGetPackageRoot}/system.security.cryptography.pkcs/5.0.0/ref/netcoreapp3.0/System.Security.Cryptography.Pkcs.dll
  - {NuGetPackageRoot}/system.security.cryptography.protecteddata/4.4.0/ref/netstandard2.0/System.Security.Cryptography.ProtectedData.dll
  sources:
  - ../../../build/Shared/EncodingUtility.cs
  - ../../../build/Shared/EqualityUtility.cs
  - ../../../build/Shared/HashCodeCombiner.cs
  - ../../../build/Shared/SharedExtensions.cs
  - ../../../build/Shared/SimplePool.cs
  - ../../../build/Shared/StringBuilderPool.cs
  - ../../../build/Shared/TypeExtensions.cs
  - ../../../build/Shared/TypeInfo.cs
  - ../../../build/Shared/XmlUtility.cs
  - CredentialResponse.cs
  - CredentialsConstants.cs
  - CredentialService.cs
  - CredentialStatus.cs
  - DefaultCredentialServiceUtility.cs
  - DefaultNetworkCredentialsCredentialProvider.cs
  - DelegatingLogger.cs
  - GlobalSuppressions.cs
  - ICredentialProvider.cs
  - PluginCredentialProvider.cs
  - PluginCredentialProviderBuilder.cs
  - PluginCredentialRequest.cs
  - PluginCredentialResponse.cs
  - PluginException.cs
  - PluginUnexpectedStatusException.cs
  - PreviewFeatureSettings.cs
  - Properties/AssemblyInfo.cs
  - ProviderException.cs
  - Resources.Designer.cs
  - Resources.resx
  - SecurePluginCredentialProvider.cs
  - SecurePluginCredentialProviderBuilder.cs
netstandard2.0:
  constants:
  - DEBUG
  - DEBUG
  - IS_CORECLR
  - NETSTANDARD
  - NETSTANDARD1_0_OR_GREATER
  - NETSTANDARD1_1_OR_GREATER
  - NETSTANDARD1_2_OR_GREATER
  - NETSTANDARD1_3_OR_GREATER
  - NETSTANDARD1_4_OR_GREATER
  - NETSTANDARD1_5_OR_GREATER
  - NETSTANDARD1_6_OR_GREATER
  - NETSTANDARD2_0
  - NETSTANDARD2_0_OR_GREATER
  - TRACE
  - TRACE
  outputs:
  - NuGet.Credentials.deps.json
  - NuGet.Credentials.dll
  - NuGet.Credentials.pdb
  references:
  - ../../../artifacts/NuGet.Common/bin/Debug/netstandard2.0/NuGet.Common.dll
  - ../../../artifacts/NuGet.Configuration/bin/Debug/netstandard2.0/NuGet.Configuration.dll
  - ../../../artifacts/NuGet.Frameworks/bin/Debug/netstandard2.0/NuGet.Frameworks.dll
  - ../../../artifacts/NuGet.Packaging/bin/Debug/netstandard2.0/NuGet.Packaging.dll
  - ../../../artifacts/NuGet.Protocol/bin/Debug/netstandard2.0/NuGet.Protocol.dll
  - ../../../artifacts/NuGet.Versioning/bin/Debug/netstandard2.0/NuGet.Versioning.dll
  - {NuGetPackageRoot}/netstandard.library/2.0.3/build/netstandard2.0/ref/Microsoft.Win32.Primitives.dll
  - {NuGetPackageRoot}/netstandard.library/2.0.3/build/netstandard2.0/ref/mscorlib.dll
  - {NuGetPackageRoot}/netstandard.library/2.0.3/build/netstandard2.0/ref/netstandard.dll
  - {NuGetPackageRoot}/netstandard.library/2.0.3/build/netstandard2.0/ref/System.AppContext.dll
  - {NuGetPackageRoot}/netstandard.library/2.0.3/build/netstandard2.0/ref/System.Collections.Concurrent.dll
  - {NuGetPackageRoot}/netstandard.library/2.0.3/build/netstandard2.0/ref/System.Collections.dll
  - {NuGetPackageRoot}/netstandard.library/2.0.3/build/netstandard2.0/ref/System.Collections.NonGeneric.dll
  - {NuGetPackageRoot}/netstandard.library/2.0.3/build/netstandard2.0/ref/System.Collections.Specialized.dll
  - {NuGetPackageRoot}/netstandard.library/2.0.3/build/netstandard2.0/ref/System.ComponentModel.Composition.dll
  - {NuGetPackageRoot}/netstandard.library/2.0.3/build/netstandard2.0/ref/System.ComponentModel.dll
  - {NuGetPackageRoot}/netstandard.library/2.0.3/build/netstandard2.0/ref/System.ComponentModel.EventBasedAsync.dll
  - {NuGetPackageRoot}/netstandard.library/2.0.3/build/netstandard2.0/ref/System.ComponentModel.Primitives.dll
  - {NuGetPackageRoot}/netstandard.library/2.0.3/build/netstandard2.0/ref/System.ComponentModel.TypeConverter.dll
  - {NuGetPackageRoot}/netstandard.library/2.0.3/build/netstandard2.0/ref/System.Console.dll
  - {NuGetPackageRoot}/netstandard.library/2.0.3/build/netstandard2.0/ref/System.Core.dll
  - {NuGetPackageRoot}/netstandard.library/2.0.3/build/netstandard2.0/ref/System.Data.Common.dll
  - {NuGetPackageRoot}/netstandard.library/2.0.3/build/netstandard2.0/ref/System.Data.dll
  - {NuGetPackageRoot}/netstandard.library/2.0.3/build/netstandard2.0/ref/System.Diagnostics.Contracts.dll
  - {NuGetPackageRoot}/netstandard.library/2.0.3/build/netstandard2.0/ref/System.Diagnostics.Debug.dll
  - {NuGetPackageRoot}/netstandard.library/2.0.3/build/netstandard2.0/ref/System.Diagnostics.FileVersionInfo.dll
  - {NuGetPackageRoot}/netstandard.library/2.0.3/build/netstandard2.0/ref/System.Diagnostics.Process.dll
  - {NuGetPackageRoot}/netstandard.library/2.0.3/build/netstandard2.0/ref/System.Diagnostics.StackTrace.dll
  - {NuGetPackageRoot}/netstandard.library/2.0.3/build/netstandard2.0/ref/System.Diagnostics.TextWriterTraceListener.dll
  - {NuGetPackageRoot}/netstandard.library/2.0.3/build/netstandard2.0/ref/System.Diagnostics.Tools.dll
  - {NuGetPackageRoot}/netstandard.library/2.0.3/build/netstandard2.0/ref/System.Diagnostics.TraceSource.dll
  - {NuGetPackageRoot}/netstandard.library/2.0.3/build/netstandard2.0/ref/System.Diagnostics.Tracing.dll
  - {NuGetPackageRoot}/netstandard.library/2.0.3/build/netstandard2.0/ref/System.dll
  - {NuGetPackageRoot}/netstandard.library/2.0.3/build/netstandard2.0/ref/System.Drawing.dll
  - {NuGetPackageRoot}/netstandard.library/2.0.3/build/netstandard2.0/ref/System.Drawing.Primitives.dll
  - {NuGetPackageRoot}/netstandard.library/2.0.3/build/netstandard2.0/ref/System.Dynamic.Runtime.dll
  - {NuGetPackageRoot}/netstandard.library/2.0.3/build/netstandard2.0/ref/System.Globalization.Calendars.dll
  - {NuGetPackageRoot}/netstandard.library/2.0.3/build/netstandard2.0/ref/System.Globalization.dll
  - {NuGetPackageRoot}/netstandard.library/2.0.3/build/netstandard2.0/ref/System.Globalization.Extensions.dll
  - {NuGetPackageRoot}/netstandard.library/2.0.3/build/netstandard2.0/ref/System.IO.Compression.dll
  - {NuGetPackageRoot}/netstandard.library/2.0.3/build/netstandard2.0/ref/System.IO.Compression.FileSystem.dll
  - {NuGetPackageRoot}/netstandard.library/2.0.3/build/netstandard2.0/ref/System.IO.Compression.ZipFile.dll
  - {NuGetPackageRoot}/netstandard.library/2.0.3/build/netstandard2.0/ref/System.IO.dll
  - {NuGetPackageRoot}/netstandard.library/2.0.3/build/netstandard2.0/ref/System.IO.FileSystem.dll
  - {NuGetPackageRoot}/netstandard.library/2.0.3/build/netstandard2.0/ref/System.IO.FileSystem.DriveInfo.dll
  - {NuGetPackageRoot}/netstandard.library/2.0.3/build/netstandard2.0/ref/System.IO.FileSystem.Primitives.dll
  - {NuGetPackageRoot}/netstandard.library/2.0.3/build/netstandard2.0/ref/System.IO.FileSystem.Watcher.dll
  - {NuGetPackageRoot}/netstandard.library/2.0.3/build/netstandard2.0/ref/System.IO.IsolatedStorage.dll
  - {NuGetPackageRoot}/netstandard.library/2.0.3/build/netstandard2.0/ref/System.IO.MemoryMappedFiles.dll
  - {NuGetPackageRoot}/netstandard.library/2.0.3/build/netstandard2.0/ref/System.IO.Pipes.dll
  - {NuGetPackageRoot}/netstandard.library/2.0.3/build/netstandard2.0/ref/System.IO.UnmanagedMemoryStream.dll
  - {NuGetPackageRoot}/netstandard.library/2.0.3/build/netstandard2.0/ref/System.Linq.dll
  - {NuGetPackageRoot}/netstandard.library/2.0.3/build/netstandard2.0/ref/System.Linq.Expressions.dll
  - {NuGetPackageRoot}/netstandard.library/2.0.3/build/netstandard2.0/ref/System.Linq.Parallel.dll
  - {NuGetPackageRoot}/netstandard.library/2.0.3/build/netstandard2.0/ref/System.Linq.Queryable.dll
  - {NuGetPackageRoot}/netstandard.library/2.0.3/build/netstandard2.0/ref/System.Net.dll
  - {NuGetPackageRoot}/netstandard.library/2.0.3/build/netstandard2.0/ref/System.Net.Http.dll
  - {NuGetPackageRoot}/netstandard.library/2.0.3/build/netstandard2.0/ref/System.Net.NameResolution.dll
  - {NuGetPackageRoot}/netstandard.library/2.0.3/build/netstandard2.0/ref/System.Net.NetworkInformation.dll
  - {NuGetPackageRoot}/netstandard.library/2.0.3/build/netstandard2.0/ref/System.Net.Ping.dll
  - {NuGetPackageRoot}/netstandard.library/2.0.3/build/netstandard2.0/ref/System.Net.Primitives.dll
  - {NuGetPackageRoot}/netstandard.library/2.0.3/build/netstandard2.0/ref/System.Net.Requests.dll
  - {NuGetPackageRoot}/netstandard.library/2.0.3/build/netstandard2.0/ref/System.Net.Security.dll
  - {NuGetPackageRoot}/netstandard.library/2.0.3/build/netstandard2.0/ref/System.Net.Sockets.dll
  - {NuGetPackageRoot}/netstandard.library/2.0.3/build/netstandard2.0/ref/System.Net.WebHeaderCollection.dll
  - {NuGetPackageRoot}/netstandard.library/2.0.3/build/netstandard2.0/ref/System.Net.WebSockets.Client.dll
  - {NuGetPackageRoot}/netstandard.library/2.0.3/build/netstandard2.0/ref/System.Net.WebSockets.dll
  - {NuGetPackageRoot}/netstandard.library/2.0.3/build/netstandard2.0/ref/System.Numerics.dll
  - {NuGetPackageRoot}/netstandard.library/2.0.3/build/netstandard2.0/ref/System.ObjectModel.dll
  - {NuGetPackageRoot}/netstandard.library/2.0.3/build/netstandard2.0/ref/System.Reflection.dll
  - {NuGetPackageRoot}/netstandard.library/2.0.3/build/netstandard2.0/ref/System.Reflection.Extensions.dll
  - {NuGetPackageRoot}/netstandard.library/2.0.3/build/netstandard2.0/ref/System.Reflection.Primitives.dll
  - {NuGetPackageRoot}/netstandard.library/2.0.3/build/netstandard2.0/ref/System.Resources.Reader.dll
  - {NuGetPackageRoot}/netstandard.library/2.0.3/build/netstandard2.0/ref/System.Resources.ResourceManager.dll
  - {NuGetPackageRoot}/netstandard.library/2.0.3/build/netstandard2.0/ref/System.Resources.Writer.dll
  - {NuGetPackageRoot}/netstandard.library/2.0.3/build/netstandard2.0/ref/System.Runtime.CompilerServices.VisualC.dll
  - {NuGetPackageRoot}/netstandard.library/2.0.3/build/netstandard2.0/ref/System.Runtime.dll
  - {NuGetPackageRoot}/netstandard.library/2.0.3/build/netstandard2.0/ref/System.Runtime.Extensions.dll
  - {NuGetPackageRoot}/netstandard.library/2.0.3/build/netstandard2.0/ref/System.Runtime.Handles.dll
  - {NuGetPackageRoot}/netstandard.library/2.0.3/build/netstandard2.0/ref/System.Runtime.InteropServices.dll
  - {NuGetPackageRoot}/netstandard.library/2.0.3/build/netstandard2.0/ref/System.Runtime.InteropServices.RuntimeInformation.dll
  - {NuGetPackageRoot}/netstandard.library/2.0.3/build/netstandard2.0/ref/System.Runtime.Numerics.dll
  - {NuGetPackageRoot}/netstandard.library/2.0.3/build/netstandard2.0/ref/System.Runtime.Serialization.dll
  - {NuGetPackageRoot}/netstandard.library/2.0.3/build/netstandard2.0/ref/System.Runtime.Serialization.Formatters.dll
  - {NuGetPackageRoot}/netstandard.library/2.0.3/build/netstandard2.0/ref/System.Runtime.Serialization.Json.dll
  - {NuGetPackageRoot}/netstandard.library/2.0.3/build/netstandard2.0/ref/System.Runtime.Serialization.Primitives.dll
  - {NuGetPackageRoot}/netstandard.library/2.0.3/build/netstandard2.0/ref/System.Runtime.Serialization.Xml.dll
  - {NuGetPackageRoot}/netstandard.library/2.0.3/build/netstandard2.0/ref/System.Security.Claims.dll
  - {NuGetPackageRoot}/netstandard.library/2.0.3/build/netstandard2.0/ref/System.Security.Cryptography.Algorithms.dll
  - {NuGetPackageRoot}/netstandard.library/2.0.3/build/netstandard2.0/ref/System.Security.Cryptography.Csp.dll
  - {NuGetPackageRoot}/netstandard.library/2.0.3/build/netstandard2.0/ref/System.Security.Cryptography.Encoding.dll
  - {NuGetPackageRoot}/netstandard.library/2.0.3/build/netstandard2.0/ref/System.Security.Cryptography.Primitives.dll
  - {NuGetPackageRoot}/netstandard.library/2.0.3/build/netstandard2.0/ref/System.Security.Cryptography.X509Certificates.dll
  - {NuGetPackageRoot}/netstandard.library/2.0.3/build/netstandard2.0/ref/System.Security.Principal.dll
  - {NuGetPackageRoot}/netstandard.library/2.0.3/build/netstandard2.0/ref/System.Security.SecureString.dll
  - {NuGetPackageRoot}/netstandard.library/2.0.3/build/netstandard2.0/ref/System.ServiceModel.Web.dll
  - {NuGetPackageRoot}/netstandard.library/2.0.3/build/netstandard2.0/ref/System.Text.Encoding.dll
  - {NuGetPackageRoot}/netstandard.library/2.0.3/build/netstandard2.0/ref/System.Text.Encoding.Extensions.dll
  - {NuGetPackageRoot}/netstandard.library/2.0.3/build/netstandard2.0/ref/System.Text.RegularExpressions.dll
  - {NuGetPackageRoot}/netstandard.library/2.0.3/build/netstandard2.0/ref/System.Threading.dll
  - {NuGetPackageRoot}/netstandard.library/2.0.3/build/netstandard2.0/ref/System.Threading.Overlapped.dll
  - {NuGetPackageRoot}/netstandard.library/2.0.3/build/netstandard2.0/ref/System.Threading.Tasks.dll
  - {NuGetPackageRoot}/netstandard.library/2.0.3/build/netstandard2.0/ref/System.Threading.Tasks.Parallel.dll
  - {NuGetPackageRoot}/netstandard.library/2.0.3/build/netstandard2.0/ref/System.Threading.Thread.dll
  - {NuGetPackageRoot}/netstandard.library/2.0.3/build/netstandard2.0/ref/System.Threading.ThreadPool.dll
  - {NuGetPackageRoot}/netstandard.library/2.0.3/build/netstandard2.0/ref/System.Threading.Timer.dll
  - {NuGetPackageRoot}/netstandard.library/2.0.3/build/netstandard2.0/ref/System.Transactions.dll
  - {NuGetPackageRoot}/netstandard.library/2.0.3/build/netstandard2.0/ref/System.ValueTuple.dll
  - {NuGetPackageRoot}/netstandard.library/2.0.3/build/netstandard2.0/ref/System.Web.dll
  - {NuGetPackageRoot}/netstandard.library/2.0.3/build/netstandard2.0/ref/System.Windows.dll
  - {NuGetPackageRoot}/netstandard.library/2.0.3/build/netstandard2.0/ref/System.Xml.dll
  - {NuGetPackageRoot}/netstandard.library/2.0.3/build/netstandard2.0/ref/System.Xml.Linq.dll
  - {NuGetPackageRoot}/netstandard.library/2.0.3/build/netstandard2.0/ref/System.Xml.ReaderWriter.dll
  - {NuGetPackageRoot}/netstandard.library/2.0.3/build/netstandard2.0/ref/System.Xml.Serialization.dll
  - {NuGetPackageRoot}/netstandard.library/2.0.3/build/netstandard2.0/ref/System.Xml.XDocument.dll
  - {NuGetPackageRoot}/netstandard.library/2.0.3/build/netstandard2.0/ref/System.Xml.XmlDocument.dll
  - {NuGetPackageRoot}/netstandard.library/2.0.3/build/netstandard2.0/ref/System.Xml.XmlSerializer.dll
  - {NuGetPackageRoot}/netstandard.library/2.0.3/build/netstandard2.0/ref/System.Xml.XPath.dll
  - {NuGetPackageRoot}/netstandard.library/2.0.3/build/netstandard2.0/ref/System.Xml.XPath.XDocument.dll
  - {NuGetPackageRoot}/newtonsoft.json/13.0.1/lib/netstandard2.0/Newtonsoft.Json.dll
  - {NuGetPackageRoot}/system.security.cryptography.cng/5.0.0/ref/netstandard2.0/System.Security.Cryptography.Cng.dll
  - {NuGetPackageRoot}/system.security.cryptography.pkcs/5.0.0/ref/netstandard2.0/System.Security.Cryptography.Pkcs.dll
  - {NuGetPackageRoot}/system.security.cryptography.protecteddata/4.4.0/ref/netstandard2.0/System.Security.Cryptography.ProtectedData.dll
  sources:
  - ../../../build/Shared/EncodingUtility.cs
  - ../../../build/Shared/EqualityUtility.cs
  - ../../../build/Shared/HashCodeCombiner.cs
  - ../../../build/Shared/SharedExtensions.cs
  - ../../../build/Shared/SimplePool.cs
  - ../../../build/Shared/StringBuilderPool.cs
  - ../../../build/Shared/TypeExtensions.cs
  - ../../../build/Shared/TypeInfo.cs
  - ../../../build/Shared/XmlUtility.cs
  - CredentialResponse.cs
  - CredentialsConstants.cs
  - CredentialService.cs
  - CredentialStatus.cs
  - DefaultCredentialServiceUtility.cs
  - DefaultNetworkCredentialsCredentialProvider.cs
  - DelegatingLogger.cs
  - GlobalSuppressions.cs
  - ICredentialProvider.cs
  - PluginCredentialProvider.cs
  - PluginCredentialProviderBuilder.cs
  - PluginCredentialRequest.cs
  - PluginCredentialResponse.cs
  - PluginException.cs
  - PluginUnexpectedStatusException.cs
  - PreviewFeatureSettings.cs
  - Properties/AssemblyInfo.cs
  - ProviderException.cs
  - Resources.Designer.cs
  - Resources.resx
  - SecurePluginCredentialProvider.cs
  - SecurePluginCredentialProviderBuilder.cs
