net45:
  constants:
  - DEBUG
  - DEBUG
  - IS_DESKTOP
  - IS_SIGNING_SUPPORTED
  - NET20_OR_GREATER
  - NET30_OR_GREATER
  - NET35_OR_GREATER
  - NET40_OR_GREATER
  - NET45
  - NET45_OR_GREATER
  - NETFRAMEWORK
  - TRACE
  - TRACE
  outputs:
  - NuGet.Packaging.Extraction.dll
  - NuGet.Packaging.Extraction.pdb
  - NuGet.Packaging.Extraction.xml
  references:
  - ../../../artifacts/NuGet.Common/bin/Debug/net45/NuGet.Common.dll
  - ../../../artifacts/NuGet.Configuration/bin/Debug/net45/NuGet.Configuration.dll
  - ../../../artifacts/NuGet.Frameworks/bin/Debug/net40/NuGet.Frameworks.dll
  - ../../../artifacts/NuGet.Versioning/bin/Debug/net45/NuGet.Versioning.dll
  - {FrameworkAssemblies}/mscorlib.dll
  - {FrameworkAssemblies}/System.Core.dll
  - {FrameworkAssemblies}/System.Data.dll
  - {FrameworkAssemblies}/System.dll
  - {FrameworkAssemblies}/System.Drawing.dll
  - {FrameworkAssemblies}/System.IO.Compression.dll
  - {FrameworkAssemblies}/System.IO.Compression.FileSystem.dll
  - {FrameworkAssemblies}/System.Numerics.dll
  - {FrameworkAssemblies}/System.Runtime.Serialization.dll
  - {FrameworkAssemblies}/System.Security.dll
  - {FrameworkAssemblies}/System.Xml.dll
  - {FrameworkAssemblies}/System.Xml.Linq.dll
  - {NuGetPackageRoot}/newtonsoft.json/13.0.1/lib/net45/Newtonsoft.Json.dll
  sources:
  - ../../../build/Shared/EncodingUtility.cs
  - ../../../build/Shared/EqualityUtility.cs
  - ../../../build/Shared/HashCodeCombiner.cs
  - ../../../build/Shared/SharedExtensions.cs
  - ../../../build/Shared/SimplePool.cs
  - ../../../build/Shared/StringBuilderPool.cs
  - ../../../build/Shared/TypeExtensions.cs
  - ../../../build/Shared/TypeInfo.cs
  - ../../../build/Shared/XmlUtility.cs
  - ../NuGet.Packaging/ArrayPool.cs
  - ../NuGet.Packaging/Core/comparers/IPackageIdentityComparer.cs
  - ../NuGet.Packaging/Core/comparers/PackageDependencyComparer.cs
  - ../NuGet.Packaging/Core/comparers/PackageDependencyInfoComparer.cs
  - ../NuGet.Packaging/Core/comparers/PackageIdentityComparer.cs
  - ../NuGet.Packaging/Core/ContentFilesEntry.cs
  - ../NuGet.Packaging/Core/ExtractPackageFileDelegate.cs
  - ../NuGet.Packaging/Core/Fingerprints.cs
  - ../NuGet.Packaging/Core/FrameworkReference.cs
  - ../NuGet.Packaging/Core/FrameworkReferenceGroup.cs
  - ../NuGet.Packaging/Core/FrameworkSpecificGroup.cs
  - ../NuGet.Packaging/Core/IAsyncPackageCoreReader.cs
  - ../NuGet.Packaging/Core/INuspecCoreReader.cs
  - ../NuGet.Packaging/Core/IPackageCoreReader.cs
  - ../NuGet.Packaging/Core/IRepositoryCertificateInfo.cs
  - ../NuGet.Packaging/Core/NuspecCoreReaderBase.cs
  - ../NuGet.Packaging/Core/NuspecUtility.cs
  - ../NuGet.Packaging/Core/PackageDependency.cs
  - ../NuGet.Packaging/Core/PackageDependencyGroup.cs
  - ../NuGet.Packaging/Core/PackageDependencyInfo.cs
  - ../NuGet.Packaging/Core/PackageIdentity.cs
  - ../NuGet.Packaging/Core/PackageType.cs
  - ../NuGet.Packaging/Core/PackagingCoreConstants.cs
  - ../NuGet.Packaging/Core/PackagingException.cs
  - ../NuGet.Packaging/Core/RepositoryMetadata.cs
  - ../NuGet.Packaging/Definitions/IAsyncPackageContentReader.cs
  - ../NuGet.Packaging/Definitions/IPackageContentReader.cs
  - ../NuGet.Packaging/Definitions/IPackageDownloader.cs
  - ../NuGet.Packaging/Exceptions/MinClientVersionException.cs
  - ../NuGet.Packaging/Exceptions/UnsafePackageEntryException.cs
  - ../NuGet.Packaging/IHashFunction.cs
  - ../NuGet.Packaging/Licenses/LicenseExpressionToken.cs
  - ../NuGet.Packaging/Licenses/LicenseExpressionTokenizer.cs
  - ../NuGet.Packaging/Licenses/LicenseExpressionType.cs
  - ../NuGet.Packaging/Licenses/LicenseOperator.cs
  - ../NuGet.Packaging/Licenses/LicenseOperatorType.cs
  - ../NuGet.Packaging/Licenses/LicenseTokenType.cs
  - ../NuGet.Packaging/Licenses/LicenseTokenTypeExtensions.cs
  - ../NuGet.Packaging/Licenses/LogicalOperator.cs
  - ../NuGet.Packaging/Licenses/LogicalOperatorType.cs
  - ../NuGet.Packaging/Licenses/NuGetLicense.cs
  - ../NuGet.Packaging/Licenses/NuGetLicenseData.cs
  - ../NuGet.Packaging/Licenses/NuGetLicenseException.cs
  - ../NuGet.Packaging/Licenses/NuGetLicenseExpression.cs
  - ../NuGet.Packaging/Licenses/NuGetLicenseExpressionExtensions.cs
  - ../NuGet.Packaging/Licenses/NuGetLicenseExpressionParser.cs
  - ../NuGet.Packaging/Licenses/NuGetLicenseExpressionParsingException.cs
  - ../NuGet.Packaging/Licenses/WithOperator.cs
  - ../NuGet.Packaging/LocalPackageArchiveDownloader.cs
  - ../NuGet.Packaging/MinClientVersionUtility.cs
  - ../NuGet.Packaging/NuGetExtractionFileIO.cs
  - ../NuGet.Packaging/NupkgMetadata/NupkgMetadataFile.cs
  - ../NuGet.Packaging/NupkgMetadata/NupkgMetadataFileFormat.cs
  - ../NuGet.Packaging/NuspecReader.cs
  - ../NuGet.Packaging/PackageArchiveReader.cs
  - ../NuGet.Packaging/PackageCreation/Authoring/LicenseMetadata.cs
  - ../NuGet.Packaging/PackageCreation/Extensions/CollectionExtensions.cs
  - ../NuGet.Packaging/PackageCreation/Extensions/StringExtensions.cs
  - ../NuGet.Packaging/PackageExtraction/PackageExtractionBehavior.cs
  - ../NuGet.Packaging/PackageExtraction/PackageExtractionContext.cs
  - ../NuGet.Packaging/PackageExtraction/PackageHelper.cs
  - ../NuGet.Packaging/PackageExtraction/PackagePathHelper.cs
  - ../NuGet.Packaging/PackageExtraction/PackageSaveMode.cs
  - ../NuGet.Packaging/PackageExtraction/PackageType.cs
  - ../NuGet.Packaging/PackageExtraction/StreamExtensions.cs
  - ../NuGet.Packaging/PackageExtraction/XmlDocFileSaveMode.cs
  - ../NuGet.Packaging/PackageExtraction/ZipArchiveExtensions.cs
  - ../NuGet.Packaging/PackageExtraction/ZipFilePair.cs
  - ../NuGet.Packaging/PackageExtractor.cs
  - ../NuGet.Packaging/PackageFileExtractor.cs
  - ../NuGet.Packaging/PackageFolderReader.cs
  - ../NuGet.Packaging/PackagePathResolver.cs
  - ../NuGet.Packaging/PackageReaderBase.cs
  - ../NuGet.Packaging/PackageReaderExtensions.cs
  - ../NuGet.Packaging/PackagingConstants.cs
  - ../NuGet.Packaging/Properties/AssemblyInfo.cs
  - ../NuGet.Packaging/RuntimeModel/CompatibilityProfile.cs
  - ../NuGet.Packaging/RuntimeModel/IObjectWriter.cs
  - ../NuGet.Packaging/RuntimeModel/JsonObjectWriter.cs
  - ../NuGet.Packaging/RuntimeModel/JsonRuntimeFormat.cs
  - ../NuGet.Packaging/RuntimeModel/RuntimeDependencySet.cs
  - ../NuGet.Packaging/RuntimeModel/RuntimeDescription.cs
  - ../NuGet.Packaging/RuntimeModel/RuntimeGraph.cs
  - ../NuGet.Packaging/RuntimeModel/RuntimePackageDependency.cs
  - ../NuGet.Packaging/Sha512HashFunction.cs
  - ../NuGet.Packaging/Signing/Archive/CentralDirectoryHeader.cs
  - ../NuGet.Packaging/Signing/Archive/CentralDirectoryHeaderMetadata.cs
  - ../NuGet.Packaging/Signing/Archive/Crc32.cs
  - ../NuGet.Packaging/Signing/Archive/EndOfCentralDirectoryRecord.cs
  - ../NuGet.Packaging/Signing/Archive/ExtraField.cs
  - ../NuGet.Packaging/Signing/Archive/LocalFileHeader.cs
  - ../NuGet.Packaging/Signing/Archive/ReadOnlyBufferedStream.cs
  - ../NuGet.Packaging/Signing/Archive/SignedPackageArchiveIOUtility.cs
  - ../NuGet.Packaging/Signing/Archive/SignedPackageArchiveMetadata.cs
  - ../NuGet.Packaging/Signing/Archive/SignedPackageArchiveUtility.cs
  - ../NuGet.Packaging/Signing/Archive/UnsignedPackageArchiveMetadata.cs
  - ../NuGet.Packaging/Signing/Archive/Zip64EndOfCentralDirectoryLocator.cs
  - ../NuGet.Packaging/Signing/Archive/Zip64ExtendedInformationExtraField.cs
  - ../NuGet.Packaging/Signing/Archive/ZipConstants.cs
  - ../NuGet.Packaging/Signing/ChainBuilding/DefaultX509ChainBuildPolicy.cs
  - ../NuGet.Packaging/Signing/ChainBuilding/IX509ChainBuildPolicy.cs
  - ../NuGet.Packaging/Signing/ChainBuilding/RetriableX509ChainBuildPolicy.cs
  - ../NuGet.Packaging/Signing/ChainBuilding/X509ChainBuildPolicyFactory.cs
  - ../NuGet.Packaging/Signing/Cms/CmsFactory.cs
  - ../NuGet.Packaging/Signing/Cms/HeapBlockRetainer.cs
  - ../NuGet.Packaging/Signing/Cms/ICms.cs
  - ../NuGet.Packaging/Signing/Cms/NativeCms.cs
  - ../NuGet.Packaging/Signing/Cms/NativeCmsWrapper.cs
  - ../NuGet.Packaging/Signing/Cms/NativeMethods.cs
  - ../NuGet.Packaging/Signing/Cms/NativeUtility.cs
  - ../NuGet.Packaging/Signing/Content/KeyPairFileReader.cs
  - ../NuGet.Packaging/Signing/Content/KeyPairFileWriter.cs
  - ../NuGet.Packaging/Signing/Content/SignatureContent.cs
  - ../NuGet.Packaging/Signing/DerEncoding/DerEncoder.cs
  - ../NuGet.Packaging/Signing/DerEncoding/DerGeneralizedTime.cs
  - ../NuGet.Packaging/Signing/DerEncoding/DerSequenceReader.cs
  - ../NuGet.Packaging/Signing/Oids.cs
  - ../NuGet.Packaging/Signing/Package/ISignedPackage.cs
  - ../NuGet.Packaging/Signing/Package/ISignedPackageReader.cs
  - ../NuGet.Packaging/Signing/Package/ISignedPackageWriter.cs
  - ../NuGet.Packaging/Signing/Package/SignedPackageArchive.cs
  - ../NuGet.Packaging/Signing/RepositorySignatureInfo.cs
  - ../NuGet.Packaging/Signing/RepositorySignatureInfoProvider.cs
  - ../NuGet.Packaging/Signing/SignatureException.cs
  - ../NuGet.Packaging/Signing/SignatureLog.cs
  - ../NuGet.Packaging/Signing/Signatures/AlgorithmIdentifier.cs
  - ../NuGet.Packaging/Signing/Signatures/AuthorPrimarySignature.cs
  - ../NuGet.Packaging/Signing/Signatures/CommitmentTypeIndication.cs
  - ../NuGet.Packaging/Signing/Signatures/CommitmentTypeQualifier.cs
  - ../NuGet.Packaging/Signing/Signatures/EssCertId.cs
  - ../NuGet.Packaging/Signing/Signatures/EssCertIdV2.cs
  - ../NuGet.Packaging/Signing/Signatures/GeneralName.cs
  - ../NuGet.Packaging/Signing/Signatures/IRepositorySignature.cs
  - ../NuGet.Packaging/Signing/Signatures/ISignature.cs
  - ../NuGet.Packaging/Signing/Signatures/IssuerSerial.cs
  - ../NuGet.Packaging/Signing/Signatures/NuGetPackageOwners.cs
  - ../NuGet.Packaging/Signing/Signatures/NuGetV3ServiceIndexUrl.cs
  - ../NuGet.Packaging/Signing/Signatures/PolicyInformation.cs
  - ../NuGet.Packaging/Signing/Signatures/PolicyQualifierInfo.cs
  - ../NuGet.Packaging/Signing/Signatures/PrimarySignature.cs
  - ../NuGet.Packaging/Signing/Signatures/PrimarySignatureFactory.cs
  - ../NuGet.Packaging/Signing/Signatures/RepositoryCountersignature.cs
  - ../NuGet.Packaging/Signing/Signatures/RepositoryPrimarySignature.cs
  - ../NuGet.Packaging/Signing/Signatures/Signature.cs
  - ../NuGet.Packaging/Signing/Signatures/SignaturePlacement.cs
  - ../NuGet.Packaging/Signing/Signatures/SignatureType.cs
  - ../NuGet.Packaging/Signing/Signatures/SignatureVerifySettings.cs
  - ../NuGet.Packaging/Signing/Signatures/SigningCertificate.cs
  - ../NuGet.Packaging/Signing/Signatures/SigningCertificateV2.cs
  - ../NuGet.Packaging/Signing/Signatures/UnknownPrimarySignature.cs
  - ../NuGet.Packaging/Signing/Specifications/SigningSpecifications.cs
  - ../NuGet.Packaging/Signing/Specifications/SigningSpecificationsV1.cs
  - ../NuGet.Packaging/Signing/Timestamp/Accuracy.cs
  - ../NuGet.Packaging/Signing/Timestamp/Extension.cs
  - ../NuGet.Packaging/Signing/Timestamp/Extensions.cs
  - ../NuGet.Packaging/Signing/Timestamp/IRfc3161TimestampTokenInfo.cs
  - ../NuGet.Packaging/Signing/Timestamp/MessageImprint.cs
  - ../NuGet.Packaging/Signing/Timestamp/Rfc3161TimestampTokenInfo.cs
  - ../NuGet.Packaging/Signing/Timestamp/Rfc3161TimestampTokenInfoFactory.cs
  - ../NuGet.Packaging/Signing/Timestamp/Rfc3161TimestampTokenInfoNet472Wrapper.cs
  - ../NuGet.Packaging/Signing/Timestamp/Rfc3161TimestampVerificationUtility.cs
  - ../NuGet.Packaging/Signing/Timestamp/Rfc3161TimestampWin32.cs
  - ../NuGet.Packaging/Signing/Timestamp/Timestamp.cs
  - ../NuGet.Packaging/Signing/Timestamp/TimestampException.cs
  - ../NuGet.Packaging/Signing/Timestamp/TstInfo.cs
  - ../NuGet.Packaging/Signing/TrustedSigners/ITrustedSignersProvider.cs
  - ../NuGet.Packaging/Signing/TrustedSigners/TrustedSignersProvider.cs
  - ../NuGet.Packaging/Signing/Utility/AttributeUtility.cs
  - ../NuGet.Packaging/Signing/Utility/CertificateChainUtility.cs
  - ../NuGet.Packaging/Signing/Utility/CertificateUtility.cs
  - ../NuGet.Packaging/Signing/Utility/IX509CertificateChain.cs
  - ../NuGet.Packaging/Signing/Utility/MarshalUtility.cs
  - ../NuGet.Packaging/Signing/Utility/RepositorySignatureInfoUtility.cs
  - ../NuGet.Packaging/Signing/Utility/SignatureUtility.cs
  - ../NuGet.Packaging/Signing/Utility/VerificationUtility.cs
  - ../NuGet.Packaging/Signing/Utility/X509CertificateChain.cs
  - ../NuGet.Packaging/Signing/Utility/X509ChainHolder.cs
  - ../NuGet.Packaging/Signing/Verification/AllowListVerificationProvider.cs
  - ../NuGet.Packaging/Signing/Verification/CertificateHashAllowListEntry.cs
  - ../NuGet.Packaging/Signing/Verification/CertificateType.cs
  - ../NuGet.Packaging/Signing/Verification/ClientPolicyContext.cs
  - ../NuGet.Packaging/Signing/Verification/IntegrityVerificationProvider.cs
  - ../NuGet.Packaging/Signing/Verification/InvalidSignaturePackageVerificationResult.cs
  - ../NuGet.Packaging/Signing/Verification/IPackageSignatureVerifier.cs
  - ../NuGet.Packaging/Signing/Verification/ISignatureVerificationProvider.cs
  - ../NuGet.Packaging/Signing/Verification/PackageSignatureVerifier.cs
  - ../NuGet.Packaging/Signing/Verification/PackageVerificationResult.cs
  - ../NuGet.Packaging/Signing/Verification/SignatureTrustAndValidityVerificationProvider.cs
  - ../NuGet.Packaging/Signing/Verification/SignatureVerificationBehavior.cs
  - ../NuGet.Packaging/Signing/Verification/SignatureVerificationStatus.cs
  - ../NuGet.Packaging/Signing/Verification/SignatureVerificationStatusFlags.cs
  - ../NuGet.Packaging/Signing/Verification/SignatureVerificationSummary.cs
  - ../NuGet.Packaging/Signing/Verification/SignedPackageVerificationResult.cs
  - ../NuGet.Packaging/Signing/Verification/SignedPackageVerifierSettings.cs
  - ../NuGet.Packaging/Signing/Verification/TrustedSignerAllowListEntry.cs
  - ../NuGet.Packaging/Signing/Verification/UnsignedPackageVerificationResult.cs
  - ../NuGet.Packaging/Signing/Verification/VerificationAllowListEntry.cs
  - ../NuGet.Packaging/Signing/Verification/VerificationTarget.cs
  - ../NuGet.Packaging/Signing/Verification/VerifySignaturesResult.cs
  - ../NuGet.Packaging/StringFormatter.cs
  - ../NuGet.Packaging/Telemetry/ExtractionSource.cs
  - ../NuGet.Packaging/Telemetry/PackageExtractionTelemetryEvent.cs
  - ../NuGet.Packaging/Telemetry/PackageSigningTelemetryEvent.cs
  - ../NuGet.Packaging/VersionFolderPathResolver.cs
  - GlobalSuppressions.cs
  - NuGet.Packaging/PackageCreation/Resources/NuGetResources.Designer.cs
  - NuGet.Packaging/PackageCreation/Resources/NuGetResources.resx
  - NuGet.Packaging/Rules/AnalysisResources.Designer.cs
  - NuGet.Packaging/Rules/AnalysisResources.resx
  - NuGet.Packaging/Signing/DerEncoding/SR.Designer.cs
  - NuGet.Packaging/Signing/DerEncoding/SR.resx
  - NuGet.Packaging/Strings.Designer.cs
  - NuGet.Packaging/Strings.resx
