net472:
  constants:
  - DEBUG
  - DEBUG
  - IS_DESKTOP
  - IS_SIGNING_SUPPORTED
  - NET20_OR_GREATER
  - NET30_OR_GREATER
  - NET35_OR_GREATER
  - NET40_OR_GREATER
  - NET45_OR_GREATER
  - NET451_OR_GREATER
  - NET452_OR_GREATER
  - NET46_OR_GREATER
  - NET461_OR_GREATER
  - NET462_OR_GREATER
  - NET47_OR_GREATER
  - NET471_OR_GREATER
  - NET472
  - NET472_OR_GREATER
  - NETFRAMEWORK
  - TRACE
  - TRACE
  outputs:
  - NuGet.MSSigning.Extensions.dll
  - NuGet.MSSigning.Extensions.pdb
  - NuGet.props
  - NuGet.RestoreEx.targets
  - NuGet.targets
  references:
  - ../../../artifacts/NuGet.Build.Tasks/bin/Debug/net472/NuGet.Build.Tasks.dll
  - ../../../artifacts/NuGet.CommandLine/bin/Debug/net472/NuGet.exe
  - ../../../artifacts/NuGet.Commands/bin/Debug/net472/NuGet.Commands.dll
  - ../../../artifacts/NuGet.Common/bin/Debug/net472/NuGet.Common.dll
  - ../../../artifacts/NuGet.Configuration/bin/Debug/net472/NuGet.Configuration.dll
  - ../../../artifacts/NuGet.Credentials/bin/Debug/net472/NuGet.Credentials.dll
  - ../../../artifacts/NuGet.DependencyResolver.Core/bin/Debug/net472/NuGet.DependencyResolver.Core.dll
  - ../../../artifacts/NuGet.Frameworks/bin/Debug/net472/NuGet.Frameworks.dll
  - ../../../artifacts/NuGet.LibraryModel/bin/Debug/net472/NuGet.LibraryModel.dll
  - ../../../artifacts/NuGet.PackageManagement/bin/Debug/net472/NuGet.PackageManagement.dll
  - ../../../artifacts/NuGet.Packaging/bin/Debug/net472/NuGet.Packaging.dll
  - ../../../artifacts/NuGet.ProjectModel/bin/Debug/net472/NuGet.ProjectModel.dll
  - ../../../artifacts/NuGet.Protocol/bin/Debug/net472/NuGet.Protocol.dll
  - ../../../artifacts/NuGet.Resolver/bin/Debug/net472/NuGet.Resolver.dll
  - ../../../artifacts/NuGet.Versioning/bin/Debug/net472/NuGet.Versioning.dll
  - {FrameworkAssemblies}/Facades/netstandard.dll
  - {FrameworkAssemblies}/Microsoft.CSharp.dll
  - {FrameworkAssemblies}/mscorlib.dll
  - {FrameworkAssemblies}/System.Core.dll
  - {FrameworkAssemblies}/System.Data.dll
  - {FrameworkAssemblies}/System.dll
  - {FrameworkAssemblies}/System.Drawing.dll
  - {FrameworkAssemblies}/System.IO.Compression.FileSystem.dll
  - {FrameworkAssemblies}/System.Numerics.dll
  - {FrameworkAssemblies}/System.Runtime.Serialization.dll
  - {FrameworkAssemblies}/System.Xml.dll
  - {FrameworkAssemblies}/System.Xml.Linq.dll
  - {NuGetPackageRoot}/microsoft.visualstudio.setup.configuration.interop/1.16.30/lib/net35/Microsoft.VisualStudio.Setup.Configuration.Interop.dll
  - {NuGetPackageRoot}/microsoft.web.xdt/3.0.0/lib/net40/Microsoft.Web.XmlTransform.dll
  - {NuGetPackageRoot}/newtonsoft.json/13.0.1/lib/net45/Newtonsoft.Json.dll
  - {NuGetPackageRoot}/system.threading.tasks.dataflow/4.9.0/lib/netstandard2.0/System.Threading.Tasks.Dataflow.dll
  sources:
  - ../../../build/Shared/EncodingUtility.cs
  - ../../../build/Shared/EqualityUtility.cs
  - ../../../build/Shared/HashCodeCombiner.cs
  - ../../../build/Shared/SharedExtensions.cs
  - ../../../build/Shared/SimplePool.cs
  - ../../../build/Shared/StringBuilderPool.cs
  - ../../../build/Shared/TypeExtensions.cs
  - ../../../build/Shared/TypeInfo.cs
  - ../../../build/Shared/XmlUtility.cs
  - GlobalSuppressions.cs
  - MSSignAbstract.cs
  - MSSignCommand.cs
  - NuGetMSSignCommand.Designer.cs
  - NuGetMSSignCommand.resx
  - RepoSignCommand.cs
