net472:
  constants:
  - DEBUG
  - DEBUG
  - IS_DESKTOP
  - IS_SIGNING_SUPPORTED
  - NET20_OR_GREATER
  - NET30_OR_GREATER
  - NET35_OR_GREATER
  - NET40_OR_GREATER
  - NET45_OR_GREATER
  - NET451_OR_GREATER
  - NET452_OR_GREATER
  - NET46_OR_GREATER
  - NET461_OR_GREATER
  - NET462_OR_GREATER
  - NET47_OR_GREATER
  - NET471_OR_GREATER
  - NET472
  - NET472_OR_GREATER
  - NETFRAMEWORK
  - TRACE
  - TRACE
  outputs:
  - GenerateTestPackages.exe
  - GenerateTestPackages.exe.config
  - GenerateTestPackages.pdb
  references:
  - {FrameworkAssemblies}/Microsoft.CSharp.dll
  - {FrameworkAssemblies}/mscorlib.dll
  - {FrameworkAssemblies}/System.ComponentModel.DataAnnotations.dll
  - {FrameworkAssemblies}/System.Core.dll
  - {FrameworkAssemblies}/System.Data.dll
  - {FrameworkAssemblies}/System.dll
  - {FrameworkAssemblies}/System.Drawing.dll
  - {FrameworkAssemblies}/System.IO.Compression.FileSystem.dll
  - {FrameworkAssemblies}/System.Numerics.dll
  - {FrameworkAssemblies}/System.Runtime.Serialization.dll
  - {FrameworkAssemblies}/System.Xml.dll
  - {FrameworkAssemblies}/System.Xml.Linq.dll
  - {NuGetPackageRoot}/microsoft.web.xdt/2.1.0/lib/net40/Microsoft.Web.XmlTransform.dll
  - {NuGetPackageRoot}/nuget.core/2.14.0-rtm-832/lib/net40-Client/NuGet.Core.dll
  sources:
  - ../../../build/Shared/EncodingUtility.cs
  - ../../../build/Shared/EqualityUtility.cs
  - ../../../build/Shared/HashCodeCombiner.cs
  - ../../../build/Shared/SharedExtensions.cs
  - ../../../build/Shared/SimplePool.cs
  - ../../../build/Shared/StringBuilderPool.cs
  - ../../../build/Shared/TypeExtensions.cs
  - ../../../build/Shared/TypeInfo.cs
  - ../../../build/Shared/XmlUtility.cs
  - AssemblySourceFileGenerator.cs
  - AssemblySourceFileGenerator_Partial.cs
  - Program.cs
  - TestPackageKey.snk
